// !$*UTF8*$!
{
	archiveVersion = 1;
	classes = {
	};
	objectVersion = 46;
	objects = {

/* Begin PBXBuildFile section */
		4B06F0BC1AD3F22B0032E46E /* UIBarButtonItem+Extension.m in Sources */ = {isa = PBXBuildFile; fileRef = 4B06F0BB1AD3F22B0032E46E /* UIBarButtonItem+Extension.m */; };
		4B06F0BF1AD3F44B0032E46E /* RCTitleButton.m in Sources */ = {isa = PBXBuildFile; fileRef = 4B06F0BE1AD3F44B0032E46E /* RCTitleButton.m */; };
		4B1A39A71AD4BB560046CA12 /* RCNewFeatureViewController.m in Sources */ = {isa = PBXBuildFile; fileRef = 4B1A39A61AD4BB560046CA12 /* RCNewFeatureViewController.m */; };
		4B1A39AB1AD4BC870046CA12 /* RCNewFeatureView.m in Sources */ = {isa = PBXBuildFile; fileRef = 4B1A39AA1AD4BC870046CA12 /* RCNewFeatureView.m */; };
		4B21F2511AD666CF007CEAEF /* NSDate+RC.m in Sources */ = {isa = PBXBuildFile; fileRef = 4B21F2501AD666CF007CEAEF /* NSDate+RC.m */; };
		4B21F2541AD66B0E007CEAEF /* RCIconView.m in Sources */ = {isa = PBXBuildFile; fileRef = 4B21F2531AD66B0E007CEAEF /* RCIconView.m */; };
		4B21F2571AD6709F007CEAEF /* RCToolBar.m in Sources */ = {isa = PBXBuildFile; fileRef = 4B21F2561AD6709F007CEAEF /* RCToolBar.m */; };
		4B21F25A1AD670D0007CEAEF /* RCRetweetedStatusView.m in Sources */ = {isa = PBXBuildFile; fileRef = 4B21F2591AD670D0007CEAEF /* RCRetweetedStatusView.m */; };
		4B25B4BE1AD5382D00943575 /* RCStatusCell.m in Sources */ = {isa = PBXBuildFile; fileRef = 4B25B4BD1AD5382D00943575 /* RCStatusCell.m */; };
		4B25B4C41AD5396D00943575 /* RCOriginalStastusView.m in Sources */ = {isa = PBXBuildFile; fileRef = 4B25B4C31AD5396D00943575 /* RCOriginalStastusView.m */; };
		4B25B4C71AD572F500943575 /* RCStatusContentView.m in Sources */ = {isa = PBXBuildFile; fileRef = 4B25B4C61AD572F500943575 /* RCStatusContentView.m */; };
		4B3752761AD6042B008DFE56 /* MKAnnotationView+WebCache.m in Sources */ = {isa = PBXBuildFile; fileRef = 4B3752581AD6042B008DFE56 /* MKAnnotationView+WebCache.m */; };
		4B3752771AD6042B008DFE56 /* NSData+ImageContentType.m in Sources */ = {isa = PBXBuildFile; fileRef = 4B37525A1AD6042B008DFE56 /* NSData+ImageContentType.m */; };
		4B3752781AD6042B008DFE56 /* SDImageCache.m in Sources */ = {isa = PBXBuildFile; fileRef = 4B37525C1AD6042B008DFE56 /* SDImageCache.m */; };
		4B3752791AD6042B008DFE56 /* SDWebImageCompat.m in Sources */ = {isa = PBXBuildFile; fileRef = 4B37525E1AD6042B008DFE56 /* SDWebImageCompat.m */; };
		4B37527A1AD6042B008DFE56 /* SDWebImageDecoder.m in Sources */ = {isa = PBXBuildFile; fileRef = 4B3752601AD6042B008DFE56 /* SDWebImageDecoder.m */; };
		4B37527B1AD6042B008DFE56 /* SDWebImageDownloader.m in Sources */ = {isa = PBXBuildFile; fileRef = 4B3752621AD6042B008DFE56 /* SDWebImageDownloader.m */; };
		4B37527C1AD6042B008DFE56 /* SDWebImageDownloaderOperation.m in Sources */ = {isa = PBXBuildFile; fileRef = 4B3752641AD6042B008DFE56 /* SDWebImageDownloaderOperation.m */; };
		4B37527D1AD6042B008DFE56 /* SDWebImageManager.m in Sources */ = {isa = PBXBuildFile; fileRef = 4B3752661AD6042B008DFE56 /* SDWebImageManager.m */; };
		4B37527E1AD6042B008DFE56 /* SDWebImagePrefetcher.m in Sources */ = {isa = PBXBuildFile; fileRef = 4B3752691AD6042B008DFE56 /* SDWebImagePrefetcher.m */; };
		4B37527F1AD6042B008DFE56 /* UIButton+WebCache.m in Sources */ = {isa = PBXBuildFile; fileRef = 4B37526B1AD6042B008DFE56 /* UIButton+WebCache.m */; };
		4B3752801AD6042B008DFE56 /* UIImage+GIF.m in Sources */ = {isa = PBXBuildFile; fileRef = 4B37526D1AD6042B008DFE56 /* UIImage+GIF.m */; };
		4B3752811AD6042B008DFE56 /* UIImage+MultiFormat.m in Sources */ = {isa = PBXBuildFile; fileRef = 4B37526F1AD6042B008DFE56 /* UIImage+MultiFormat.m */; };
		4B3752821AD6042B008DFE56 /* UIImage+WebP.m in Sources */ = {isa = PBXBuildFile; fileRef = 4B3752711AD6042B008DFE56 /* UIImage+WebP.m */; };
		4B3752831AD6042B008DFE56 /* UIImageView+HighlightedWebCache.m in Sources */ = {isa = PBXBuildFile; fileRef = 4B3752731AD6042B008DFE56 /* UIImageView+HighlightedWebCache.m */; };
		4B3752841AD6042B008DFE56 /* UIImageView+WebCache.m in Sources */ = {isa = PBXBuildFile; fileRef = 4B3752751AD6042B008DFE56 /* UIImageView+WebCache.m */; };
		4B3752871AD63DA9008DFE56 /* RCPhotosView.m in Sources */ = {isa = PBXBuildFile; fileRef = 4B3752861AD63DA9008DFE56 /* RCPhotosView.m */; };
		4B3752901AD64236008DFE56 /* RCPhotoView.m in Sources */ = {isa = PBXBuildFile; fileRef = 4B37528F1AD64236008DFE56 /* RCPhotoView.m */; };
		4B3752AC1AD65E34008DFE56 /* MJArgument.m in Sources */ = {isa = PBXBuildFile; fileRef = 4B3752961AD65E34008DFE56 /* MJArgument.m */; };
		4B3752AD1AD65E34008DFE56 /* MJConst.m in Sources */ = {isa = PBXBuildFile; fileRef = 4B3752981AD65E34008DFE56 /* MJConst.m */; };
		4B3752AE1AD65E34008DFE56 /* MJFoundation.m in Sources */ = {isa = PBXBuildFile; fileRef = 4B37529B1AD65E34008DFE56 /* MJFoundation.m */; };
		4B3752AF1AD65E34008DFE56 /* MJIvar.m in Sources */ = {isa = PBXBuildFile; fileRef = 4B37529D1AD65E34008DFE56 /* MJIvar.m */; };
		4B3752B01AD65E34008DFE56 /* MJMember.m in Sources */ = {isa = PBXBuildFile; fileRef = 4B37529F1AD65E34008DFE56 /* MJMember.m */; };
		4B3752B11AD65E34008DFE56 /* MJMethod.m in Sources */ = {isa = PBXBuildFile; fileRef = 4B3752A11AD65E34008DFE56 /* MJMethod.m */; };
		4B3752B21AD65E34008DFE56 /* MJType.m in Sources */ = {isa = PBXBuildFile; fileRef = 4B3752A31AD65E34008DFE56 /* MJType.m */; };
		4B3752B31AD65E34008DFE56 /* MJTypeEncoding.m in Sources */ = {isa = PBXBuildFile; fileRef = 4B3752A51AD65E34008DFE56 /* MJTypeEncoding.m */; };
		4B3752B41AD65E34008DFE56 /* NSObject+MJCoding.m in Sources */ = {isa = PBXBuildFile; fileRef = 4B3752A71AD65E34008DFE56 /* NSObject+MJCoding.m */; };
		4B3752B51AD65E34008DFE56 /* NSObject+MJKeyValue.m in Sources */ = {isa = PBXBuildFile; fileRef = 4B3752A91AD65E34008DFE56 /* NSObject+MJKeyValue.m */; };
		4B3752B61AD65E34008DFE56 /* NSObject+MJMember.m in Sources */ = {isa = PBXBuildFile; fileRef = 4B3752AB1AD65E34008DFE56 /* NSObject+MJMember.m */; };
		4B4C6E671AD68B03002C2FA8 /* home.plist in Resources */ = {isa = PBXBuildFile; fileRef = 4B4C6E661AD68B03002C2FA8 /* home.plist */; };
		4B50170E1AD4176E0043B17E /* RCSearchBar.m in Sources */ = {isa = PBXBuildFile; fileRef = 4B50170D1AD4176E0043B17E /* RCSearchBar.m */; };
		4B5379701AD765950032DF36 /* MJPhoto.m in Sources */ = {isa = PBXBuildFile; fileRef = 4B5379621AD765950032DF36 /* MJPhoto.m */; };
		4B5379711AD765950032DF36 /* MJPhotoBrowser.bundle in Resources */ = {isa = PBXBuildFile; fileRef = 4B5379631AD765950032DF36 /* MJPhotoBrowser.bundle */; };
		4B5379721AD765950032DF36 /* MJPhotoBrowser.m in Sources */ = {isa = PBXBuildFile; fileRef = 4B5379651AD765950032DF36 /* MJPhotoBrowser.m */; };
		4B5379731AD765950032DF36 /* MJPhotoLoadingView.m in Sources */ = {isa = PBXBuildFile; fileRef = 4B5379671AD765950032DF36 /* MJPhotoLoadingView.m */; };
		4B5379741AD765950032DF36 /* MJPhotoProgressView.m in Sources */ = {isa = PBXBuildFile; fileRef = 4B5379691AD765950032DF36 /* MJPhotoProgressView.m */; };
		4B5379751AD765950032DF36 /* MJPhotoToolbar.m in Sources */ = {isa = PBXBuildFile; fileRef = 4B53796B1AD765950032DF36 /* MJPhotoToolbar.m */; };
		4B5379761AD765950032DF36 /* MJPhotoView.m in Sources */ = {isa = PBXBuildFile; fileRef = 4B53796D1AD765950032DF36 /* MJPhotoView.m */; };
		4B5379771AD765950032DF36 /* SDWebImageManager+MJ.m in Sources */ = {isa = PBXBuildFile; fileRef = 4B53796F1AD765950032DF36 /* SDWebImageManager+MJ.m */; };
		4B5379791AD76E020032DF36 /* Foundation+Log.m in Sources */ = {isa = PBXBuildFile; fileRef = 4B5379781AD76E020032DF36 /* Foundation+Log.m */; };
		4B63BC621AD3D114001462E9 /* RCTabBar.m in Sources */ = {isa = PBXBuildFile; fileRef = 4B63BC611AD3D114001462E9 /* RCTabBar.m */; };
		4B63BC671AD3D4B9001462E9 /* UIView+Extension.m in Sources */ = {isa = PBXBuildFile; fileRef = 4B63BC661AD3D4B9001462E9 /* UIView+Extension.m */; };
		4B7B5C5D1AD40AA2005775A7 /* DXPopover.m in Sources */ = {isa = PBXBuildFile; fileRef = 4B7B5C5C1AD40AA2005775A7 /* DXPopover.m */; };
		4BA351EB1AD3BE9C00A2FCD5 /* main.m in Sources */ = {isa = PBXBuildFile; fileRef = 4BA351EA1AD3BE9C00A2FCD5 /* main.m */; };
		4BA351EE1AD3BE9C00A2FCD5 /* AppDelegate.m in Sources */ = {isa = PBXBuildFile; fileRef = 4BA351ED1AD3BE9C00A2FCD5 /* AppDelegate.m */; };
		4BA351F61AD3BE9C00A2FCD5 /* Images.xcassets in Resources */ = {isa = PBXBuildFile; fileRef = 4BA351F51AD3BE9C00A2FCD5 /* Images.xcassets */; };
		4BA351F91AD3BE9C00A2FCD5 /* LaunchScreen.xib in Resources */ = {isa = PBXBuildFile; fileRef = 4BA351F71AD3BE9C00A2FCD5 /* LaunchScreen.xib */; };
		4BA352051AD3BE9C00A2FCD5 /* ____Tests.m in Sources */ = {isa = PBXBuildFile; fileRef = 4BA352041AD3BE9C00A2FCD5 /* ____Tests.m */; };
		4BA3522F1AD3C08300A2FCD5 /* RCTabBarController.m in Sources */ = {isa = PBXBuildFile; fileRef = 4BA3522E1AD3C08300A2FCD5 /* RCTabBarController.m */; };
		4BA352321AD3C0A500A2FCD5 /* RCNavigationController.m in Sources */ = {isa = PBXBuildFile; fileRef = 4BA352311AD3C0A500A2FCD5 /* RCNavigationController.m */; };
		4BA352351AD3C0C300A2FCD5 /* RCDiscoverViewController.m in Sources */ = {isa = PBXBuildFile; fileRef = 4BA352341AD3C0C300A2FCD5 /* RCDiscoverViewController.m */; };
		4BA352381AD3C0D600A2FCD5 /* RCHomeViewController.m in Sources */ = {isa = PBXBuildFile; fileRef = 4BA352371AD3C0D600A2FCD5 /* RCHomeViewController.m */; };
		4BA3523B1AD3C0E500A2FCD5 /* RCMeViewController.m in Sources */ = {isa = PBXBuildFile; fileRef = 4BA3523A1AD3C0E500A2FCD5 /* RCMeViewController.m */; };
		4BA3523E1AD3C0FB00A2FCD5 /* RCMesageViewController.m in Sources */ = {isa = PBXBuildFile; fileRef = 4BA3523D1AD3C0FB00A2FCD5 /* RCMesageViewController.m */; };
		4BC6E9711AD7735F009133BB /* RCPhoto.m in Sources */ = {isa = PBXBuildFile; fileRef = 4BC6E9651AD7735F009133BB /* RCPhoto.m */; };
		4BC6E9721AD7735F009133BB /* RCStatus.m in Sources */ = {isa = PBXBuildFile; fileRef = 4BC6E9671AD7735F009133BB /* RCStatus.m */; };
		4BC6E9731AD7735F009133BB /* RCStatusFrame.m in Sources */ = {isa = PBXBuildFile; fileRef = 4BC6E9691AD7735F009133BB /* RCStatusFrame.m */; };
		4BC6E9741AD7735F009133BB /* RCStatusParam.m in Sources */ = {isa = PBXBuildFile; fileRef = 4BC6E96B1AD7735F009133BB /* RCStatusParam.m */; };
		4BC6E9751AD7735F009133BB /* RCStatusResult.m in Sources */ = {isa = PBXBuildFile; fileRef = 4BC6E96D1AD7735F009133BB /* RCStatusResult.m */; };
		4BC6E9761AD7735F009133BB /* RCUser.m in Sources */ = {isa = PBXBuildFile; fileRef = 4BC6E9701AD7735F009133BB /* RCUser.m */; };
		4BC6E9791AD77400009133BB /* RCUserParam.m in Sources */ = {isa = PBXBuildFile; fileRef = 4BC6E9781AD77400009133BB /* RCUserParam.m */; };
		4BC6E97C1AD77476009133BB /* RCUserInfoResult.m in Sources */ = {isa = PBXBuildFile; fileRef = 4BC6E97B1AD77476009133BB /* RCUserInfoResult.m */; };
		4BC6E99C1AD7E5C0009133BB /* RCComposeViewController.m in Sources */ = {isa = PBXBuildFile; fileRef = 4BC6E9931AD7E5C0009133BB /* RCComposeViewController.m */; };
		4BC6E99D1AD7E5C0009133BB /* RCComposeButton.m in Sources */ = {isa = PBXBuildFile; fileRef = 4BC6E9971AD7E5C0009133BB /* RCComposeButton.m */; };
		4BC6E99E1AD7E5C0009133BB /* RCComposeFirstCenterView.m in Sources */ = {isa = PBXBuildFile; fileRef = 4BC6E9991AD7E5C0009133BB /* RCComposeFirstCenterView.m */; };
		4BC6E99F1AD7E5C0009133BB /* RCComposeTwoCenterView.m in Sources */ = {isa = PBXBuildFile; fileRef = 4BC6E99B1AD7E5C0009133BB /* RCComposeTwoCenterView.m */; };
		4BC6E9A61AD7E63D009133BB /* RCSendStatusViewController.m in Sources */ = {isa = PBXBuildFile; fileRef = 4BC6E9A51AD7E63D009133BB /* RCSendStatusViewController.m */; };
		4BC6E9AA1AD7E66E009133BB /* RCSendStatusParam.m in Sources */ = {isa = PBXBuildFile; fileRef = 4BC6E9A91AD7E66E009133BB /* RCSendStatusParam.m */; };
		4BC6E9AD1AD7E68B009133BB /* RCSendStatusTool.m in Sources */ = {isa = PBXBuildFile; fileRef = 4BC6E9AC1AD7E68B009133BB /* RCSendStatusTool.m */; };
		4BC6E9B01AD7E6D8009133BB /* RCSendStatusResult.m in Sources */ = {isa = PBXBuildFile; fileRef = 4BC6E9AF1AD7E6D8009133BB /* RCSendStatusResult.m */; };
		4BC6E9B61AD7F4DB009133BB /* RCTextView.m in Sources */ = {isa = PBXBuildFile; fileRef = 4BC6E9B51AD7F4DB009133BB /* RCTextView.m */; };
		4BE8CB201AD4E45000292996 /* RCOauthViewController.m in Sources */ = {isa = PBXBuildFile; fileRef = 4BE8CB1F1AD4E45000292996 /* RCOauthViewController.m */; };
		4BE8CB5D1AD4EC4400292996 /* RCNetWorkingTool.m in Sources */ = {isa = PBXBuildFile; fileRef = 4BE8CB5C1AD4EC4400292996 /* RCNetWorkingTool.m */; };
		4BE8CB6A1AD4F04000292996 /* RCOauthTool.m in Sources */ = {isa = PBXBuildFile; fileRef = 4BE8CB691AD4F04000292996 /* RCOauthTool.m */; };
		4BE8CB6D1AD4F06800292996 /* RCOauthParam.m in Sources */ = {isa = PBXBuildFile; fileRef = 4BE8CB6C1AD4F06800292996 /* RCOauthParam.m */; };
		4BE8CB701AD4F07700292996 /* RCOauthResult.m in Sources */ = {isa = PBXBuildFile; fileRef = 4BE8CB6F1AD4F07700292996 /* RCOauthResult.m */; };
		4BE8CB961AD4F3DD00292996 /* RCParam.m in Sources */ = {isa = PBXBuildFile; fileRef = 4BE8CB951AD4F3DD00292996 /* RCParam.m */; };
		4BE8CB991AD4FAB800292996 /* RCAccountTool.m in Sources */ = {isa = PBXBuildFile; fileRef = 4BE8CB981AD4FAB800292996 /* RCAccountTool.m */; };
		4BE8CB9C1AD4FAFC00292996 /* RCAccount.m in Sources */ = {isa = PBXBuildFile; fileRef = 4BE8CB9B1AD4FAFC00292996 /* RCAccount.m */; };
		4BE8CBAF1AD50D4E00292996 /* RCStatusTool.m in Sources */ = {isa = PBXBuildFile; fileRef = 4BE8CBAE1AD50D4E00292996 /* RCStatusTool.m */; };
		4BE8CBC71AD5254D00292996 /* AFHTTPRequestOperation.m in Sources */ = {isa = PBXBuildFile; fileRef = 4BE8CBB51AD5254D00292996 /* AFHTTPRequestOperation.m */; };
		4BE8CBC81AD5254D00292996 /* AFHTTPRequestOperationManager.m in Sources */ = {isa = PBXBuildFile; fileRef = 4BE8CBB71AD5254D00292996 /* AFHTTPRequestOperationManager.m */; };
		4BE8CBC91AD5254D00292996 /* AFHTTPSessionManager.m in Sources */ = {isa = PBXBuildFile; fileRef = 4BE8CBB91AD5254D00292996 /* AFHTTPSessionManager.m */; };
		4BE8CBCA1AD5254D00292996 /* AFNetworkReachabilityManager.m in Sources */ = {isa = PBXBuildFile; fileRef = 4BE8CBBC1AD5254D00292996 /* AFNetworkReachabilityManager.m */; };
		4BE8CBCB1AD5254D00292996 /* AFSecurityPolicy.m in Sources */ = {isa = PBXBuildFile; fileRef = 4BE8CBBE1AD5254D00292996 /* AFSecurityPolicy.m */; };
		4BE8CBCC1AD5254D00292996 /* AFURLConnectionOperation.m in Sources */ = {isa = PBXBuildFile; fileRef = 4BE8CBC01AD5254D00292996 /* AFURLConnectionOperation.m */; };
		4BE8CBCD1AD5254D00292996 /* AFURLRequestSerialization.m in Sources */ = {isa = PBXBuildFile; fileRef = 4BE8CBC21AD5254D00292996 /* AFURLRequestSerialization.m */; };
		4BE8CBCE1AD5254D00292996 /* AFURLResponseSerialization.m in Sources */ = {isa = PBXBuildFile; fileRef = 4BE8CBC41AD5254D00292996 /* AFURLResponseSerialization.m */; };
		4BE8CBCF1AD5254D00292996 /* AFURLSessionManager.m in Sources */ = {isa = PBXBuildFile; fileRef = 4BE8CBC61AD5254D00292996 /* AFURLSessionManager.m */; };
		4BE8CBD61AD526AB00292996 /* MBProgressHUD+MJ.m in Sources */ = {isa = PBXBuildFile; fileRef = 4BE8CBD21AD526AB00292996 /* MBProgressHUD+MJ.m */; };
		4BE8CBD71AD526AB00292996 /* MBProgressHUD.bundle in Resources */ = {isa = PBXBuildFile; fileRef = 4BE8CBD31AD526AB00292996 /* MBProgressHUD.bundle */; };
		4BE8CBD81AD526AB00292996 /* MBProgressHUD.m in Sources */ = {isa = PBXBuildFile; fileRef = 4BE8CBD51AD526AB00292996 /* MBProgressHUD.m */; };
		4BE8CC1C1AD52C2D00292996 /* MJRefresh.bundle in Resources */ = {isa = PBXBuildFile; fileRef = 4BE8CC0C1AD52C2D00292996 /* MJRefresh.bundle */; };
		4BE8CC1D1AD52C2D00292996 /* MJRefreshBaseView.m in Sources */ = {isa = PBXBuildFile; fileRef = 4BE8CC0F1AD52C2D00292996 /* MJRefreshBaseView.m */; };
		4BE8CC1E1AD52C2D00292996 /* MJRefreshConst.m in Sources */ = {isa = PBXBuildFile; fileRef = 4BE8CC111AD52C2D00292996 /* MJRefreshConst.m */; };
		4BE8CC1F1AD52C2D00292996 /* MJRefreshFooterView.m in Sources */ = {isa = PBXBuildFile; fileRef = 4BE8CC131AD52C2D00292996 /* MJRefreshFooterView.m */; };
		4BE8CC201AD52C2D00292996 /* MJRefreshHeaderView.m in Sources */ = {isa = PBXBuildFile; fileRef = 4BE8CC151AD52C2D00292996 /* MJRefreshHeaderView.m */; };
		4BE8CC211AD52C2D00292996 /* UIScrollView+MJExtension.m in Sources */ = {isa = PBXBuildFile; fileRef = 4BE8CC171AD52C2D00292996 /* UIScrollView+MJExtension.m */; };
		4BE8CC221AD52C2D00292996 /* UIScrollView+MJRefresh.m in Sources */ = {isa = PBXBuildFile; fileRef = 4BE8CC191AD52C2D00292996 /* UIScrollView+MJRefresh.m */; };
		4BE8CC231AD52C2D00292996 /* UIView+MJExtension.m in Sources */ = {isa = PBXBuildFile; fileRef = 4BE8CC1B1AD52C2D00292996 /* UIView+MJExtension.m */; };
/* End PBXBuildFile section */

/* Begin PBXContainerItemProxy section */
		4BA351FF1AD3BE9C00A2FCD5 /* PBXContainerItemProxy */ = {
			isa = PBXContainerItemProxy;
			containerPortal = 4BA351DD1AD3BE9C00A2FCD5 /* Project object */;
			proxyType = 1;
			remoteGlobalIDString = 4BA351E41AD3BE9C00A2FCD5;
			remoteInfo = "高仿微博";
		};
/* End PBXContainerItemProxy section */

/* Begin PBXFileReference section */
		4B06F0BA1AD3F22B0032E46E /* UIBarButtonItem+Extension.h */ = {isa = PBXFileReference; fileEncoding = 4; lastKnownFileType = sourcecode.c.h; path = "UIBarButtonItem+Extension.h"; sourceTree = "<group>"; };
		4B06F0BB1AD3F22B0032E46E /* UIBarButtonItem+Extension.m */ = {isa = PBXFileReference; fileEncoding = 4; lastKnownFileType = sourcecode.c.objc; path = "UIBarButtonItem+Extension.m"; sourceTree = "<group>"; };
		4B06F0BD1AD3F44B0032E46E /* RCTitleButton.h */ = {isa = PBXFileReference; fileEncoding = 4; lastKnownFileType = sourcecode.c.h; path = RCTitleButton.h; sourceTree = "<group>"; };
		4B06F0BE1AD3F44B0032E46E /* RCTitleButton.m */ = {isa = PBXFileReference; fileEncoding = 4; lastKnownFileType = sourcecode.c.objc; path = RCTitleButton.m; sourceTree = "<group>"; };
		4B1A39A51AD4BB560046CA12 /* RCNewFeatureViewController.h */ = {isa = PBXFileReference; fileEncoding = 4; lastKnownFileType = sourcecode.c.h; path = RCNewFeatureViewController.h; sourceTree = "<group>"; };
		4B1A39A61AD4BB560046CA12 /* RCNewFeatureViewController.m */ = {isa = PBXFileReference; fileEncoding = 4; lastKnownFileType = sourcecode.c.objc; path = RCNewFeatureViewController.m; sourceTree = "<group>"; };
		4B1A39A91AD4BC870046CA12 /* RCNewFeatureView.h */ = {isa = PBXFileReference; fileEncoding = 4; lastKnownFileType = sourcecode.c.h; path = RCNewFeatureView.h; sourceTree = "<group>"; };
		4B1A39AA1AD4BC870046CA12 /* RCNewFeatureView.m */ = {isa = PBXFileReference; fileEncoding = 4; lastKnownFileType = sourcecode.c.objc; path = RCNewFeatureView.m; sourceTree = "<group>"; };
		4B21F24F1AD666CF007CEAEF /* NSDate+RC.h */ = {isa = PBXFileReference; fileEncoding = 4; lastKnownFileType = sourcecode.c.h; path = "NSDate+RC.h"; sourceTree = "<group>"; };
		4B21F2501AD666CF007CEAEF /* NSDate+RC.m */ = {isa = PBXFileReference; fileEncoding = 4; lastKnownFileType = sourcecode.c.objc; path = "NSDate+RC.m"; sourceTree = "<group>"; };
		4B21F2521AD66B0E007CEAEF /* RCIconView.h */ = {isa = PBXFileReference; fileEncoding = 4; lastKnownFileType = sourcecode.c.h; path = RCIconView.h; sourceTree = "<group>"; };
		4B21F2531AD66B0E007CEAEF /* RCIconView.m */ = {isa = PBXFileReference; fileEncoding = 4; lastKnownFileType = sourcecode.c.objc; path = RCIconView.m; sourceTree = "<group>"; };
		4B21F2551AD6709F007CEAEF /* RCToolBar.h */ = {isa = PBXFileReference; fileEncoding = 4; lastKnownFileType = sourcecode.c.h; path = RCToolBar.h; sourceTree = "<group>"; };
		4B21F2561AD6709F007CEAEF /* RCToolBar.m */ = {isa = PBXFileReference; fileEncoding = 4; lastKnownFileType = sourcecode.c.objc; path = RCToolBar.m; sourceTree = "<group>"; };
		4B21F2581AD670D0007CEAEF /* RCRetweetedStatusView.h */ = {isa = PBXFileReference; fileEncoding = 4; lastKnownFileType = sourcecode.c.h; path = RCRetweetedStatusView.h; sourceTree = "<group>"; };
		4B21F2591AD670D0007CEAEF /* RCRetweetedStatusView.m */ = {isa = PBXFileReference; fileEncoding = 4; lastKnownFileType = sourcecode.c.objc; path = RCRetweetedStatusView.m; sourceTree = "<group>"; };
		4B25B4BC1AD5382D00943575 /* RCStatusCell.h */ = {isa = PBXFileReference; fileEncoding = 4; lastKnownFileType = sourcecode.c.h; path = RCStatusCell.h; sourceTree = "<group>"; };
		4B25B4BD1AD5382D00943575 /* RCStatusCell.m */ = {isa = PBXFileReference; fileEncoding = 4; lastKnownFileType = sourcecode.c.objc; path = RCStatusCell.m; sourceTree = "<group>"; };
		4B25B4C21AD5396D00943575 /* RCOriginalStastusView.h */ = {isa = PBXFileReference; fileEncoding = 4; lastKnownFileType = sourcecode.c.h; path = RCOriginalStastusView.h; sourceTree = "<group>"; };
		4B25B4C31AD5396D00943575 /* RCOriginalStastusView.m */ = {isa = PBXFileReference; fileEncoding = 4; lastKnownFileType = sourcecode.c.objc; path = RCOriginalStastusView.m; sourceTree = "<group>"; };
		4B25B4C51AD572F500943575 /* RCStatusContentView.h */ = {isa = PBXFileReference; fileEncoding = 4; lastKnownFileType = sourcecode.c.h; path = RCStatusContentView.h; sourceTree = "<group>"; };
		4B25B4C61AD572F500943575 /* RCStatusContentView.m */ = {isa = PBXFileReference; fileEncoding = 4; lastKnownFileType = sourcecode.c.objc; path = RCStatusContentView.m; sourceTree = "<group>"; };
		4B3752571AD6042B008DFE56 /* MKAnnotationView+WebCache.h */ = {isa = PBXFileReference; fileEncoding = 4; lastKnownFileType = sourcecode.c.h; path = "MKAnnotationView+WebCache.h"; sourceTree = "<group>"; };
		4B3752581AD6042B008DFE56 /* MKAnnotationView+WebCache.m */ = {isa = PBXFileReference; fileEncoding = 4; lastKnownFileType = sourcecode.c.objc; path = "MKAnnotationView+WebCache.m"; sourceTree = "<group>"; };
		4B3752591AD6042B008DFE56 /* NSData+ImageContentType.h */ = {isa = PBXFileReference; fileEncoding = 4; lastKnownFileType = sourcecode.c.h; path = "NSData+ImageContentType.h"; sourceTree = "<group>"; };
		4B37525A1AD6042B008DFE56 /* NSData+ImageContentType.m */ = {isa = PBXFileReference; fileEncoding = 4; lastKnownFileType = sourcecode.c.objc; path = "NSData+ImageContentType.m"; sourceTree = "<group>"; };
		4B37525B1AD6042B008DFE56 /* SDImageCache.h */ = {isa = PBXFileReference; fileEncoding = 4; lastKnownFileType = sourcecode.c.h; path = SDImageCache.h; sourceTree = "<group>"; };
		4B37525C1AD6042B008DFE56 /* SDImageCache.m */ = {isa = PBXFileReference; fileEncoding = 4; lastKnownFileType = sourcecode.c.objc; path = SDImageCache.m; sourceTree = "<group>"; };
		4B37525D1AD6042B008DFE56 /* SDWebImageCompat.h */ = {isa = PBXFileReference; fileEncoding = 4; lastKnownFileType = sourcecode.c.h; path = SDWebImageCompat.h; sourceTree = "<group>"; };
		4B37525E1AD6042B008DFE56 /* SDWebImageCompat.m */ = {isa = PBXFileReference; fileEncoding = 4; lastKnownFileType = sourcecode.c.objc; path = SDWebImageCompat.m; sourceTree = "<group>"; };
		4B37525F1AD6042B008DFE56 /* SDWebImageDecoder.h */ = {isa = PBXFileReference; fileEncoding = 4; lastKnownFileType = sourcecode.c.h; path = SDWebImageDecoder.h; sourceTree = "<group>"; };
		4B3752601AD6042B008DFE56 /* SDWebImageDecoder.m */ = {isa = PBXFileReference; fileEncoding = 4; lastKnownFileType = sourcecode.c.objc; path = SDWebImageDecoder.m; sourceTree = "<group>"; };
		4B3752611AD6042B008DFE56 /* SDWebImageDownloader.h */ = {isa = PBXFileReference; fileEncoding = 4; lastKnownFileType = sourcecode.c.h; path = SDWebImageDownloader.h; sourceTree = "<group>"; };
		4B3752621AD6042B008DFE56 /* SDWebImageDownloader.m */ = {isa = PBXFileReference; fileEncoding = 4; lastKnownFileType = sourcecode.c.objc; path = SDWebImageDownloader.m; sourceTree = "<group>"; };
		4B3752631AD6042B008DFE56 /* SDWebImageDownloaderOperation.h */ = {isa = PBXFileReference; fileEncoding = 4; lastKnownFileType = sourcecode.c.h; path = SDWebImageDownloaderOperation.h; sourceTree = "<group>"; };
		4B3752641AD6042B008DFE56 /* SDWebImageDownloaderOperation.m */ = {isa = PBXFileReference; fileEncoding = 4; lastKnownFileType = sourcecode.c.objc; path = SDWebImageDownloaderOperation.m; sourceTree = "<group>"; };
		4B3752651AD6042B008DFE56 /* SDWebImageManager.h */ = {isa = PBXFileReference; fileEncoding = 4; lastKnownFileType = sourcecode.c.h; path = SDWebImageManager.h; sourceTree = "<group>"; };
		4B3752661AD6042B008DFE56 /* SDWebImageManager.m */ = {isa = PBXFileReference; fileEncoding = 4; lastKnownFileType = sourcecode.c.objc; path = SDWebImageManager.m; sourceTree = "<group>"; };
		4B3752671AD6042B008DFE56 /* SDWebImageOperation.h */ = {isa = PBXFileReference; fileEncoding = 4; lastKnownFileType = sourcecode.c.h; path = SDWebImageOperation.h; sourceTree = "<group>"; };
		4B3752681AD6042B008DFE56 /* SDWebImagePrefetcher.h */ = {isa = PBXFileReference; fileEncoding = 4; lastKnownFileType = sourcecode.c.h; path = SDWebImagePrefetcher.h; sourceTree = "<group>"; };
		4B3752691AD6042B008DFE56 /* SDWebImagePrefetcher.m */ = {isa = PBXFileReference; fileEncoding = 4; lastKnownFileType = sourcecode.c.objc; path = SDWebImagePrefetcher.m; sourceTree = "<group>"; };
		4B37526A1AD6042B008DFE56 /* UIButton+WebCache.h */ = {isa = PBXFileReference; fileEncoding = 4; lastKnownFileType = sourcecode.c.h; path = "UIButton+WebCache.h"; sourceTree = "<group>"; };
		4B37526B1AD6042B008DFE56 /* UIButton+WebCache.m */ = {isa = PBXFileReference; fileEncoding = 4; lastKnownFileType = sourcecode.c.objc; path = "UIButton+WebCache.m"; sourceTree = "<group>"; };
		4B37526C1AD6042B008DFE56 /* UIImage+GIF.h */ = {isa = PBXFileReference; fileEncoding = 4; lastKnownFileType = sourcecode.c.h; path = "UIImage+GIF.h"; sourceTree = "<group>"; };
		4B37526D1AD6042B008DFE56 /* UIImage+GIF.m */ = {isa = PBXFileReference; fileEncoding = 4; lastKnownFileType = sourcecode.c.objc; path = "UIImage+GIF.m"; sourceTree = "<group>"; };
		4B37526E1AD6042B008DFE56 /* UIImage+MultiFormat.h */ = {isa = PBXFileReference; fileEncoding = 4; lastKnownFileType = sourcecode.c.h; path = "UIImage+MultiFormat.h"; sourceTree = "<group>"; };
		4B37526F1AD6042B008DFE56 /* UIImage+MultiFormat.m */ = {isa = PBXFileReference; fileEncoding = 4; lastKnownFileType = sourcecode.c.objc; path = "UIImage+MultiFormat.m"; sourceTree = "<group>"; };
		4B3752701AD6042B008DFE56 /* UIImage+WebP.h */ = {isa = PBXFileReference; fileEncoding = 4; lastKnownFileType = sourcecode.c.h; path = "UIImage+WebP.h"; sourceTree = "<group>"; };
		4B3752711AD6042B008DFE56 /* UIImage+WebP.m */ = {isa = PBXFileReference; fileEncoding = 4; lastKnownFileType = sourcecode.c.objc; path = "UIImage+WebP.m"; sourceTree = "<group>"; };
		4B3752721AD6042B008DFE56 /* UIImageView+HighlightedWebCache.h */ = {isa = PBXFileReference; fileEncoding = 4; lastKnownFileType = sourcecode.c.h; path = "UIImageView+HighlightedWebCache.h"; sourceTree = "<group>"; };
		4B3752731AD6042B008DFE56 /* UIImageView+HighlightedWebCache.m */ = {isa = PBXFileReference; fileEncoding = 4; lastKnownFileType = sourcecode.c.objc; path = "UIImageView+HighlightedWebCache.m"; sourceTree = "<group>"; };
		4B3752741AD6042B008DFE56 /* UIImageView+WebCache.h */ = {isa = PBXFileReference; fileEncoding = 4; lastKnownFileType = sourcecode.c.h; path = "UIImageView+WebCache.h"; sourceTree = "<group>"; };
		4B3752751AD6042B008DFE56 /* UIImageView+WebCache.m */ = {isa = PBXFileReference; fileEncoding = 4; lastKnownFileType = sourcecode.c.objc; path = "UIImageView+WebCache.m"; sourceTree = "<group>"; };
		4B3752851AD63DA9008DFE56 /* RCPhotosView.h */ = {isa = PBXFileReference; fileEncoding = 4; lastKnownFileType = sourcecode.c.h; path = RCPhotosView.h; sourceTree = "<group>"; };
		4B3752861AD63DA9008DFE56 /* RCPhotosView.m */ = {isa = PBXFileReference; fileEncoding = 4; lastKnownFileType = sourcecode.c.objc; path = RCPhotosView.m; sourceTree = "<group>"; };
		4B37528E1AD64236008DFE56 /* RCPhotoView.h */ = {isa = PBXFileReference; fileEncoding = 4; lastKnownFileType = sourcecode.c.h; path = RCPhotoView.h; sourceTree = "<group>"; };
		4B37528F1AD64236008DFE56 /* RCPhotoView.m */ = {isa = PBXFileReference; fileEncoding = 4; lastKnownFileType = sourcecode.c.objc; path = RCPhotoView.m; sourceTree = "<group>"; };
		4B3752951AD65E34008DFE56 /* MJArgument.h */ = {isa = PBXFileReference; fileEncoding = 4; lastKnownFileType = sourcecode.c.h; path = MJArgument.h; sourceTree = "<group>"; };
		4B3752961AD65E34008DFE56 /* MJArgument.m */ = {isa = PBXFileReference; fileEncoding = 4; lastKnownFileType = sourcecode.c.objc; path = MJArgument.m; sourceTree = "<group>"; };
		4B3752971AD65E34008DFE56 /* MJConst.h */ = {isa = PBXFileReference; fileEncoding = 4; lastKnownFileType = sourcecode.c.h; path = MJConst.h; sourceTree = "<group>"; };
		4B3752981AD65E34008DFE56 /* MJConst.m */ = {isa = PBXFileReference; fileEncoding = 4; lastKnownFileType = sourcecode.c.objc; path = MJConst.m; sourceTree = "<group>"; };
		4B3752991AD65E34008DFE56 /* MJExtension.h */ = {isa = PBXFileReference; fileEncoding = 4; lastKnownFileType = sourcecode.c.h; path = MJExtension.h; sourceTree = "<group>"; };
		4B37529A1AD65E34008DFE56 /* MJFoundation.h */ = {isa = PBXFileReference; fileEncoding = 4; lastKnownFileType = sourcecode.c.h; path = MJFoundation.h; sourceTree = "<group>"; };
		4B37529B1AD65E34008DFE56 /* MJFoundation.m */ = {isa = PBXFileReference; fileEncoding = 4; lastKnownFileType = sourcecode.c.objc; path = MJFoundation.m; sourceTree = "<group>"; };
		4B37529C1AD65E34008DFE56 /* MJIvar.h */ = {isa = PBXFileReference; fileEncoding = 4; lastKnownFileType = sourcecode.c.h; path = MJIvar.h; sourceTree = "<group>"; };
		4B37529D1AD65E34008DFE56 /* MJIvar.m */ = {isa = PBXFileReference; fileEncoding = 4; lastKnownFileType = sourcecode.c.objc; path = MJIvar.m; sourceTree = "<group>"; };
		4B37529E1AD65E34008DFE56 /* MJMember.h */ = {isa = PBXFileReference; fileEncoding = 4; lastKnownFileType = sourcecode.c.h; path = MJMember.h; sourceTree = "<group>"; };
		4B37529F1AD65E34008DFE56 /* MJMember.m */ = {isa = PBXFileReference; fileEncoding = 4; lastKnownFileType = sourcecode.c.objc; path = MJMember.m; sourceTree = "<group>"; };
		4B3752A01AD65E34008DFE56 /* MJMethod.h */ = {isa = PBXFileReference; fileEncoding = 4; lastKnownFileType = sourcecode.c.h; path = MJMethod.h; sourceTree = "<group>"; };
		4B3752A11AD65E34008DFE56 /* MJMethod.m */ = {isa = PBXFileReference; fileEncoding = 4; lastKnownFileType = sourcecode.c.objc; path = MJMethod.m; sourceTree = "<group>"; };
		4B3752A21AD65E34008DFE56 /* MJType.h */ = {isa = PBXFileReference; fileEncoding = 4; lastKnownFileType = sourcecode.c.h; path = MJType.h; sourceTree = "<group>"; };
		4B3752A31AD65E34008DFE56 /* MJType.m */ = {isa = PBXFileReference; fileEncoding = 4; lastKnownFileType = sourcecode.c.objc; path = MJType.m; sourceTree = "<group>"; };
		4B3752A41AD65E34008DFE56 /* MJTypeEncoding.h */ = {isa = PBXFileReference; fileEncoding = 4; lastKnownFileType = sourcecode.c.h; path = MJTypeEncoding.h; sourceTree = "<group>"; };
		4B3752A51AD65E34008DFE56 /* MJTypeEncoding.m */ = {isa = PBXFileReference; fileEncoding = 4; lastKnownFileType = sourcecode.c.objc; path = MJTypeEncoding.m; sourceTree = "<group>"; };
		4B3752A61AD65E34008DFE56 /* NSObject+MJCoding.h */ = {isa = PBXFileReference; fileEncoding = 4; lastKnownFileType = sourcecode.c.h; path = "NSObject+MJCoding.h"; sourceTree = "<group>"; };
		4B3752A71AD65E34008DFE56 /* NSObject+MJCoding.m */ = {isa = PBXFileReference; fileEncoding = 4; lastKnownFileType = sourcecode.c.objc; path = "NSObject+MJCoding.m"; sourceTree = "<group>"; };
		4B3752A81AD65E34008DFE56 /* NSObject+MJKeyValue.h */ = {isa = PBXFileReference; fileEncoding = 4; lastKnownFileType = sourcecode.c.h; path = "NSObject+MJKeyValue.h"; sourceTree = "<group>"; };
		4B3752A91AD65E34008DFE56 /* NSObject+MJKeyValue.m */ = {isa = PBXFileReference; fileEncoding = 4; lastKnownFileType = sourcecode.c.objc; path = "NSObject+MJKeyValue.m"; sourceTree = "<group>"; };
		4B3752AA1AD65E34008DFE56 /* NSObject+MJMember.h */ = {isa = PBXFileReference; fileEncoding = 4; lastKnownFileType = sourcecode.c.h; path = "NSObject+MJMember.h"; sourceTree = "<group>"; };
		4B3752AB1AD65E34008DFE56 /* NSObject+MJMember.m */ = {isa = PBXFileReference; fileEncoding = 4; lastKnownFileType = sourcecode.c.objc; path = "NSObject+MJMember.m"; sourceTree = "<group>"; };
		4B4C6E661AD68B03002C2FA8 /* home.plist */ = {isa = PBXFileReference; fileEncoding = 4; lastKnownFileType = text.plist.xml; path = home.plist; sourceTree = "<group>"; };
		4B50170C1AD4176E0043B17E /* RCSearchBar.h */ = {isa = PBXFileReference; fileEncoding = 4; lastKnownFileType = sourcecode.c.h; path = RCSearchBar.h; sourceTree = "<group>"; };
		4B50170D1AD4176E0043B17E /* RCSearchBar.m */ = {isa = PBXFileReference; fileEncoding = 4; lastKnownFileType = sourcecode.c.objc; path = RCSearchBar.m; sourceTree = "<group>"; };
		4B5379611AD765950032DF36 /* MJPhoto.h */ = {isa = PBXFileReference; fileEncoding = 4; lastKnownFileType = sourcecode.c.h; path = MJPhoto.h; sourceTree = "<group>"; };
		4B5379621AD765950032DF36 /* MJPhoto.m */ = {isa = PBXFileReference; fileEncoding = 4; lastKnownFileType = sourcecode.c.objc; path = MJPhoto.m; sourceTree = "<group>"; };
		4B5379631AD765950032DF36 /* MJPhotoBrowser.bundle */ = {isa = PBXFileReference; lastKnownFileType = "wrapper.plug-in"; path = MJPhotoBrowser.bundle; sourceTree = "<group>"; };
		4B5379641AD765950032DF36 /* MJPhotoBrowser.h */ = {isa = PBXFileReference; fileEncoding = 4; lastKnownFileType = sourcecode.c.h; path = MJPhotoBrowser.h; sourceTree = "<group>"; };
		4B5379651AD765950032DF36 /* MJPhotoBrowser.m */ = {isa = PBXFileReference; fileEncoding = 4; lastKnownFileType = sourcecode.c.objc; path = MJPhotoBrowser.m; sourceTree = "<group>"; };
		4B5379661AD765950032DF36 /* MJPhotoLoadingView.h */ = {isa = PBXFileReference; fileEncoding = 4; lastKnownFileType = sourcecode.c.h; path = MJPhotoLoadingView.h; sourceTree = "<group>"; };
		4B5379671AD765950032DF36 /* MJPhotoLoadingView.m */ = {isa = PBXFileReference; fileEncoding = 4; lastKnownFileType = sourcecode.c.objc; path = MJPhotoLoadingView.m; sourceTree = "<group>"; };
		4B5379681AD765950032DF36 /* MJPhotoProgressView.h */ = {isa = PBXFileReference; fileEncoding = 4; lastKnownFileType = sourcecode.c.h; path = MJPhotoProgressView.h; sourceTree = "<group>"; };
		4B5379691AD765950032DF36 /* MJPhotoProgressView.m */ = {isa = PBXFileReference; fileEncoding = 4; lastKnownFileType = sourcecode.c.objc; path = MJPhotoProgressView.m; sourceTree = "<group>"; };
		4B53796A1AD765950032DF36 /* MJPhotoToolbar.h */ = {isa = PBXFileReference; fileEncoding = 4; lastKnownFileType = sourcecode.c.h; path = MJPhotoToolbar.h; sourceTree = "<group>"; };
		4B53796B1AD765950032DF36 /* MJPhotoToolbar.m */ = {isa = PBXFileReference; fileEncoding = 4; lastKnownFileType = sourcecode.c.objc; path = MJPhotoToolbar.m; sourceTree = "<group>"; };
		4B53796C1AD765950032DF36 /* MJPhotoView.h */ = {isa = PBXFileReference; fileEncoding = 4; lastKnownFileType = sourcecode.c.h; path = MJPhotoView.h; sourceTree = "<group>"; };
		4B53796D1AD765950032DF36 /* MJPhotoView.m */ = {isa = PBXFileReference; fileEncoding = 4; lastKnownFileType = sourcecode.c.objc; path = MJPhotoView.m; sourceTree = "<group>"; };
		4B53796E1AD765950032DF36 /* SDWebImageManager+MJ.h */ = {isa = PBXFileReference; fileEncoding = 4; lastKnownFileType = sourcecode.c.h; path = "SDWebImageManager+MJ.h"; sourceTree = "<group>"; };
		4B53796F1AD765950032DF36 /* SDWebImageManager+MJ.m */ = {isa = PBXFileReference; fileEncoding = 4; lastKnownFileType = sourcecode.c.objc; path = "SDWebImageManager+MJ.m"; sourceTree = "<group>"; };
		4B5379781AD76E020032DF36 /* Foundation+Log.m */ = {isa = PBXFileReference; fileEncoding = 4; lastKnownFileType = sourcecode.c.objc; path = "Foundation+Log.m"; sourceTree = "<group>"; };
		4B63BC601AD3D114001462E9 /* RCTabBar.h */ = {isa = PBXFileReference; fileEncoding = 4; lastKnownFileType = sourcecode.c.h; path = RCTabBar.h; sourceTree = "<group>"; };
		4B63BC611AD3D114001462E9 /* RCTabBar.m */ = {isa = PBXFileReference; fileEncoding = 4; lastKnownFileType = sourcecode.c.objc; path = RCTabBar.m; sourceTree = "<group>"; };
		4B63BC651AD3D4B9001462E9 /* UIView+Extension.h */ = {isa = PBXFileReference; fileEncoding = 4; lastKnownFileType = sourcecode.c.h; path = "UIView+Extension.h"; sourceTree = "<group>"; };
		4B63BC661AD3D4B9001462E9 /* UIView+Extension.m */ = {isa = PBXFileReference; fileEncoding = 4; lastKnownFileType = sourcecode.c.objc; path = "UIView+Extension.m"; sourceTree = "<group>"; };
		4B63BC691AD3D52E001462E9 /* PrefixHeader.pch */ = {isa = PBXFileReference; fileEncoding = 4; lastKnownFileType = sourcecode.c.h; name = PrefixHeader.pch; path = Category/PrefixHeader.pch; sourceTree = "<group>"; };
		4B7B5C5B1AD40AA2005775A7 /* DXPopover.h */ = {isa = PBXFileReference; fileEncoding = 4; lastKnownFileType = sourcecode.c.h; path = DXPopover.h; sourceTree = "<group>"; };
		4B7B5C5C1AD40AA2005775A7 /* DXPopover.m */ = {isa = PBXFileReference; fileEncoding = 4; lastKnownFileType = sourcecode.c.objc; path = DXPopover.m; sourceTree = "<group>"; };
		4BA351E51AD3BE9C00A2FCD5 /* 高仿微博.app */ = {isa = PBXFileReference; explicitFileType = wrapper.application; includeInIndex = 0; path = "高仿微博.app"; sourceTree = BUILT_PRODUCTS_DIR; };
		4BA351E91AD3BE9C00A2FCD5 /* Info.plist */ = {isa = PBXFileReference; lastKnownFileType = text.plist.xml; path = Info.plist; sourceTree = "<group>"; };
		4BA351EA1AD3BE9C00A2FCD5 /* main.m */ = {isa = PBXFileReference; lastKnownFileType = sourcecode.c.objc; path = main.m; sourceTree = "<group>"; };
		4BA351EC1AD3BE9C00A2FCD5 /* AppDelegate.h */ = {isa = PBXFileReference; lastKnownFileType = sourcecode.c.h; path = AppDelegate.h; sourceTree = "<group>"; };
		4BA351ED1AD3BE9C00A2FCD5 /* AppDelegate.m */ = {isa = PBXFileReference; lastKnownFileType = sourcecode.c.objc; path = AppDelegate.m; sourceTree = "<group>"; };
		4BA351EF1AD3BE9C00A2FCD5 /* ViewController.h */ = {isa = PBXFileReference; lastKnownFileType = sourcecode.c.h; path = ViewController.h; sourceTree = "<group>"; };
		4BA351F51AD3BE9C00A2FCD5 /* Images.xcassets */ = {isa = PBXFileReference; lastKnownFileType = folder.assetcatalog; path = Images.xcassets; sourceTree = "<group>"; };
		4BA351F81AD3BE9C00A2FCD5 /* Base */ = {isa = PBXFileReference; lastKnownFileType = file.xib; name = Base; path = Base.lproj/LaunchScreen.xib; sourceTree = "<group>"; };
		4BA351FE1AD3BE9C00A2FCD5 /* 高仿微博Tests.xctest */ = {isa = PBXFileReference; explicitFileType = wrapper.cfbundle; includeInIndex = 0; path = "高仿微博Tests.xctest"; sourceTree = BUILT_PRODUCTS_DIR; };
		4BA352031AD3BE9C00A2FCD5 /* Info.plist */ = {isa = PBXFileReference; lastKnownFileType = text.plist.xml; path = Info.plist; sourceTree = "<group>"; };
		4BA352041AD3BE9C00A2FCD5 /* ____Tests.m */ = {isa = PBXFileReference; lastKnownFileType = sourcecode.c.objc; path = "____Tests.m"; sourceTree = "<group>"; };
		4BA3522D1AD3C08300A2FCD5 /* RCTabBarController.h */ = {isa = PBXFileReference; fileEncoding = 4; lastKnownFileType = sourcecode.c.h; path = RCTabBarController.h; sourceTree = "<group>"; };
		4BA3522E1AD3C08300A2FCD5 /* RCTabBarController.m */ = {isa = PBXFileReference; fileEncoding = 4; lastKnownFileType = sourcecode.c.objc; path = RCTabBarController.m; sourceTree = "<group>"; };
		4BA352301AD3C0A500A2FCD5 /* RCNavigationController.h */ = {isa = PBXFileReference; fileEncoding = 4; lastKnownFileType = sourcecode.c.h; path = RCNavigationController.h; sourceTree = "<group>"; };
		4BA352311AD3C0A500A2FCD5 /* RCNavigationController.m */ = {isa = PBXFileReference; fileEncoding = 4; lastKnownFileType = sourcecode.c.objc; path = RCNavigationController.m; sourceTree = "<group>"; };
		4BA352331AD3C0C300A2FCD5 /* RCDiscoverViewController.h */ = {isa = PBXFileReference; fileEncoding = 4; lastKnownFileType = sourcecode.c.h; path = RCDiscoverViewController.h; sourceTree = "<group>"; };
		4BA352341AD3C0C300A2FCD5 /* RCDiscoverViewController.m */ = {isa = PBXFileReference; fileEncoding = 4; lastKnownFileType = sourcecode.c.objc; path = RCDiscoverViewController.m; sourceTree = "<group>"; };
		4BA352361AD3C0D600A2FCD5 /* RCHomeViewController.h */ = {isa = PBXFileReference; fileEncoding = 4; lastKnownFileType = sourcecode.c.h; path = RCHomeViewController.h; sourceTree = "<group>"; };
		4BA352371AD3C0D600A2FCD5 /* RCHomeViewController.m */ = {isa = PBXFileReference; fileEncoding = 4; lastKnownFileType = sourcecode.c.objc; path = RCHomeViewController.m; sourceTree = "<group>"; };
		4BA352391AD3C0E500A2FCD5 /* RCMeViewController.h */ = {isa = PBXFileReference; fileEncoding = 4; lastKnownFileType = sourcecode.c.h; path = RCMeViewController.h; sourceTree = "<group>"; };
		4BA3523A1AD3C0E500A2FCD5 /* RCMeViewController.m */ = {isa = PBXFileReference; fileEncoding = 4; lastKnownFileType = sourcecode.c.objc; path = RCMeViewController.m; sourceTree = "<group>"; };
		4BA3523C1AD3C0FB00A2FCD5 /* RCMesageViewController.h */ = {isa = PBXFileReference; fileEncoding = 4; lastKnownFileType = sourcecode.c.h; path = RCMesageViewController.h; sourceTree = "<group>"; };
		4BA3523D1AD3C0FB00A2FCD5 /* RCMesageViewController.m */ = {isa = PBXFileReference; fileEncoding = 4; lastKnownFileType = sourcecode.c.objc; path = RCMesageViewController.m; sourceTree = "<group>"; };
		4BC6E9641AD7735F009133BB /* RCPhoto.h */ = {isa = PBXFileReference; fileEncoding = 4; lastKnownFileType = sourcecode.c.h; path = RCPhoto.h; sourceTree = "<group>"; };
		4BC6E9651AD7735F009133BB /* RCPhoto.m */ = {isa = PBXFileReference; fileEncoding = 4; lastKnownFileType = sourcecode.c.objc; path = RCPhoto.m; sourceTree = "<group>"; };
		4BC6E9661AD7735F009133BB /* RCStatus.h */ = {isa = PBXFileReference; fileEncoding = 4; lastKnownFileType = sourcecode.c.h; path = RCStatus.h; sourceTree = "<group>"; };
		4BC6E9671AD7735F009133BB /* RCStatus.m */ = {isa = PBXFileReference; fileEncoding = 4; lastKnownFileType = sourcecode.c.objc; path = RCStatus.m; sourceTree = "<group>"; };
		4BC6E9681AD7735F009133BB /* RCStatusFrame.h */ = {isa = PBXFileReference; fileEncoding = 4; lastKnownFileType = sourcecode.c.h; path = RCStatusFrame.h; sourceTree = "<group>"; };
		4BC6E9691AD7735F009133BB /* RCStatusFrame.m */ = {isa = PBXFileReference; fileEncoding = 4; lastKnownFileType = sourcecode.c.objc; path = RCStatusFrame.m; sourceTree = "<group>"; };
		4BC6E96A1AD7735F009133BB /* RCStatusParam.h */ = {isa = PBXFileReference; fileEncoding = 4; lastKnownFileType = sourcecode.c.h; path = RCStatusParam.h; sourceTree = "<group>"; };
		4BC6E96B1AD7735F009133BB /* RCStatusParam.m */ = {isa = PBXFileReference; fileEncoding = 4; lastKnownFileType = sourcecode.c.objc; path = RCStatusParam.m; sourceTree = "<group>"; };
		4BC6E96C1AD7735F009133BB /* RCStatusResult.h */ = {isa = PBXFileReference; fileEncoding = 4; lastKnownFileType = sourcecode.c.h; path = RCStatusResult.h; sourceTree = "<group>"; };
		4BC6E96D1AD7735F009133BB /* RCStatusResult.m */ = {isa = PBXFileReference; fileEncoding = 4; lastKnownFileType = sourcecode.c.objc; path = RCStatusResult.m; sourceTree = "<group>"; };
		4BC6E96F1AD7735F009133BB /* RCUser.h */ = {isa = PBXFileReference; fileEncoding = 4; lastKnownFileType = sourcecode.c.h; path = RCUser.h; sourceTree = "<group>"; };
		4BC6E9701AD7735F009133BB /* RCUser.m */ = {isa = PBXFileReference; fileEncoding = 4; lastKnownFileType = sourcecode.c.objc; path = RCUser.m; sourceTree = "<group>"; };
		4BC6E9771AD77400009133BB /* RCUserParam.h */ = {isa = PBXFileReference; fileEncoding = 4; lastKnownFileType = sourcecode.c.h; path = RCUserParam.h; sourceTree = "<group>"; };
		4BC6E9781AD77400009133BB /* RCUserParam.m */ = {isa = PBXFileReference; fileEncoding = 4; lastKnownFileType = sourcecode.c.objc; path = RCUserParam.m; sourceTree = "<group>"; };
		4BC6E97A1AD77476009133BB /* RCUserInfoResult.h */ = {isa = PBXFileReference; fileEncoding = 4; lastKnownFileType = sourcecode.c.h; path = RCUserInfoResult.h; sourceTree = "<group>"; };
		4BC6E97B1AD77476009133BB /* RCUserInfoResult.m */ = {isa = PBXFileReference; fileEncoding = 4; lastKnownFileType = sourcecode.c.objc; path = RCUserInfoResult.m; sourceTree = "<group>"; };
		4BC6E9921AD7E5C0009133BB /* RCComposeViewController.h */ = {isa = PBXFileReference; fileEncoding = 4; lastKnownFileType = sourcecode.c.h; path = RCComposeViewController.h; sourceTree = "<group>"; };
		4BC6E9931AD7E5C0009133BB /* RCComposeViewController.m */ = {isa = PBXFileReference; fileEncoding = 4; lastKnownFileType = sourcecode.c.objc; path = RCComposeViewController.m; sourceTree = "<group>"; };
		4BC6E9961AD7E5C0009133BB /* RCComposeButton.h */ = {isa = PBXFileReference; fileEncoding = 4; lastKnownFileType = sourcecode.c.h; path = RCComposeButton.h; sourceTree = "<group>"; };
		4BC6E9971AD7E5C0009133BB /* RCComposeButton.m */ = {isa = PBXFileReference; fileEncoding = 4; lastKnownFileType = sourcecode.c.objc; path = RCComposeButton.m; sourceTree = "<group>"; };
		4BC6E9981AD7E5C0009133BB /* RCComposeFirstCenterView.h */ = {isa = PBXFileReference; fileEncoding = 4; lastKnownFileType = sourcecode.c.h; path = RCComposeFirstCenterView.h; sourceTree = "<group>"; };
		4BC6E9991AD7E5C0009133BB /* RCComposeFirstCenterView.m */ = {isa = PBXFileReference; fileEncoding = 4; lastKnownFileType = sourcecode.c.objc; path = RCComposeFirstCenterView.m; sourceTree = "<group>"; };
		4BC6E99A1AD7E5C0009133BB /* RCComposeTwoCenterView.h */ = {isa = PBXFileReference; fileEncoding = 4; lastKnownFileType = sourcecode.c.h; path = RCComposeTwoCenterView.h; sourceTree = "<group>"; };
		4BC6E99B1AD7E5C0009133BB /* RCComposeTwoCenterView.m */ = {isa = PBXFileReference; fileEncoding = 4; lastKnownFileType = sourcecode.c.objc; path = RCComposeTwoCenterView.m; sourceTree = "<group>"; };
		4BC6E9A41AD7E63D009133BB /* RCSendStatusViewController.h */ = {isa = PBXFileReference; fileEncoding = 4; lastKnownFileType = sourcecode.c.h; name = RCSendStatusViewController.h; path = "高仿微博/classes/compose/controller/RCSendStatusViewController.h"; sourceTree = SOURCE_ROOT; };
		4BC6E9A51AD7E63D009133BB /* RCSendStatusViewController.m */ = {isa = PBXFileReference; fileEncoding = 4; lastKnownFileType = sourcecode.c.objc; name = RCSendStatusViewController.m; path = "高仿微博/classes/compose/controller/RCSendStatusViewController.m"; sourceTree = SOURCE_ROOT; };
		4BC6E9A81AD7E66E009133BB /* RCSendStatusParam.h */ = {isa = PBXFileReference; fileEncoding = 4; lastKnownFileType = sourcecode.c.h; path = RCSendStatusParam.h; sourceTree = "<group>"; };
		4BC6E9A91AD7E66E009133BB /* RCSendStatusParam.m */ = {isa = PBXFileReference; fileEncoding = 4; lastKnownFileType = sourcecode.c.objc; path = RCSendStatusParam.m; sourceTree = "<group>"; };
		4BC6E9AB1AD7E68B009133BB /* RCSendStatusTool.h */ = {isa = PBXFileReference; fileEncoding = 4; lastKnownFileType = sourcecode.c.h; path = RCSendStatusTool.h; sourceTree = "<group>"; };
		4BC6E9AC1AD7E68B009133BB /* RCSendStatusTool.m */ = {isa = PBXFileReference; fileEncoding = 4; lastKnownFileType = sourcecode.c.objc; path = RCSendStatusTool.m; sourceTree = "<group>"; };
		4BC6E9AE1AD7E6D8009133BB /* RCSendStatusResult.h */ = {isa = PBXFileReference; fileEncoding = 4; lastKnownFileType = sourcecode.c.h; name = RCSendStatusResult.h; path = ../tool/RCSendStatusResult.h; sourceTree = "<group>"; };
		4BC6E9AF1AD7E6D8009133BB /* RCSendStatusResult.m */ = {isa = PBXFileReference; fileEncoding = 4; lastKnownFileType = sourcecode.c.objc; name = RCSendStatusResult.m; path = ../tool/RCSendStatusResult.m; sourceTree = "<group>"; };
		4BC6E9B41AD7F4DB009133BB /* RCTextView.h */ = {isa = PBXFileReference; fileEncoding = 4; lastKnownFileType = sourcecode.c.h; name = RCTextView.h; path = "高仿微博/classes/compose/view/RCTextView.h"; sourceTree = SOURCE_ROOT; };
		4BC6E9B51AD7F4DB009133BB /* RCTextView.m */ = {isa = PBXFileReference; fileEncoding = 4; lastKnownFileType = sourcecode.c.objc; name = RCTextView.m; path = "高仿微博/classes/compose/view/RCTextView.m"; sourceTree = SOURCE_ROOT; };
		4BE8CB1E1AD4E45000292996 /* RCOauthViewController.h */ = {isa = PBXFileReference; fileEncoding = 4; lastKnownFileType = sourcecode.c.h; path = RCOauthViewController.h; sourceTree = "<group>"; };
		4BE8CB1F1AD4E45000292996 /* RCOauthViewController.m */ = {isa = PBXFileReference; fileEncoding = 4; lastKnownFileType = sourcecode.c.objc; path = RCOauthViewController.m; sourceTree = "<group>"; };
		4BE8CB5B1AD4EC4400292996 /* RCNetWorkingTool.h */ = {isa = PBXFileReference; fileEncoding = 4; lastKnownFileType = sourcecode.c.h; path = RCNetWorkingTool.h; sourceTree = "<group>"; };
		4BE8CB5C1AD4EC4400292996 /* RCNetWorkingTool.m */ = {isa = PBXFileReference; fileEncoding = 4; lastKnownFileType = sourcecode.c.objc; path = RCNetWorkingTool.m; sourceTree = "<group>"; };
		4BE8CB681AD4F04000292996 /* RCOauthTool.h */ = {isa = PBXFileReference; fileEncoding = 4; lastKnownFileType = sourcecode.c.h; path = RCOauthTool.h; sourceTree = "<group>"; };
		4BE8CB691AD4F04000292996 /* RCOauthTool.m */ = {isa = PBXFileReference; fileEncoding = 4; lastKnownFileType = sourcecode.c.objc; path = RCOauthTool.m; sourceTree = "<group>"; };
		4BE8CB6B1AD4F06800292996 /* RCOauthParam.h */ = {isa = PBXFileReference; fileEncoding = 4; lastKnownFileType = sourcecode.c.h; path = RCOauthParam.h; sourceTree = "<group>"; };
		4BE8CB6C1AD4F06800292996 /* RCOauthParam.m */ = {isa = PBXFileReference; fileEncoding = 4; lastKnownFileType = sourcecode.c.objc; path = RCOauthParam.m; sourceTree = "<group>"; };
		4BE8CB6E1AD4F07700292996 /* RCOauthResult.h */ = {isa = PBXFileReference; fileEncoding = 4; lastKnownFileType = sourcecode.c.h; path = RCOauthResult.h; sourceTree = "<group>"; };
		4BE8CB6F1AD4F07700292996 /* RCOauthResult.m */ = {isa = PBXFileReference; fileEncoding = 4; lastKnownFileType = sourcecode.c.objc; path = RCOauthResult.m; sourceTree = "<group>"; };
		4BE8CB941AD4F3DD00292996 /* RCParam.h */ = {isa = PBXFileReference; fileEncoding = 4; lastKnownFileType = sourcecode.c.h; path = RCParam.h; sourceTree = "<group>"; };
		4BE8CB951AD4F3DD00292996 /* RCParam.m */ = {isa = PBXFileReference; fileEncoding = 4; lastKnownFileType = sourcecode.c.objc; path = RCParam.m; sourceTree = "<group>"; };
		4BE8CB971AD4FAB800292996 /* RCAccountTool.h */ = {isa = PBXFileReference; fileEncoding = 4; lastKnownFileType = sourcecode.c.h; path = RCAccountTool.h; sourceTree = "<group>"; };
		4BE8CB981AD4FAB800292996 /* RCAccountTool.m */ = {isa = PBXFileReference; fileEncoding = 4; lastKnownFileType = sourcecode.c.objc; path = RCAccountTool.m; sourceTree = "<group>"; };
		4BE8CB9A1AD4FAFC00292996 /* RCAccount.h */ = {isa = PBXFileReference; fileEncoding = 4; lastKnownFileType = sourcecode.c.h; path = RCAccount.h; sourceTree = "<group>"; };
		4BE8CB9B1AD4FAFC00292996 /* RCAccount.m */ = {isa = PBXFileReference; fileEncoding = 4; lastKnownFileType = sourcecode.c.objc; path = RCAccount.m; sourceTree = "<group>"; };
		4BE8CBAD1AD50D4E00292996 /* RCStatusTool.h */ = {isa = PBXFileReference; fileEncoding = 4; lastKnownFileType = sourcecode.c.h; path = RCStatusTool.h; sourceTree = "<group>"; };
		4BE8CBAE1AD50D4E00292996 /* RCStatusTool.m */ = {isa = PBXFileReference; fileEncoding = 4; lastKnownFileType = sourcecode.c.objc; path = RCStatusTool.m; sourceTree = "<group>"; };
		4BE8CBB41AD5254D00292996 /* AFHTTPRequestOperation.h */ = {isa = PBXFileReference; fileEncoding = 4; lastKnownFileType = sourcecode.c.h; path = AFHTTPRequestOperation.h; sourceTree = "<group>"; };
		4BE8CBB51AD5254D00292996 /* AFHTTPRequestOperation.m */ = {isa = PBXFileReference; fileEncoding = 4; lastKnownFileType = sourcecode.c.objc; path = AFHTTPRequestOperation.m; sourceTree = "<group>"; };
		4BE8CBB61AD5254D00292996 /* AFHTTPRequestOperationManager.h */ = {isa = PBXFileReference; fileEncoding = 4; lastKnownFileType = sourcecode.c.h; path = AFHTTPRequestOperationManager.h; sourceTree = "<group>"; };
		4BE8CBB71AD5254D00292996 /* AFHTTPRequestOperationManager.m */ = {isa = PBXFileReference; fileEncoding = 4; lastKnownFileType = sourcecode.c.objc; path = AFHTTPRequestOperationManager.m; sourceTree = "<group>"; };
		4BE8CBB81AD5254D00292996 /* AFHTTPSessionManager.h */ = {isa = PBXFileReference; fileEncoding = 4; lastKnownFileType = sourcecode.c.h; path = AFHTTPSessionManager.h; sourceTree = "<group>"; };
		4BE8CBB91AD5254D00292996 /* AFHTTPSessionManager.m */ = {isa = PBXFileReference; fileEncoding = 4; lastKnownFileType = sourcecode.c.objc; path = AFHTTPSessionManager.m; sourceTree = "<group>"; };
		4BE8CBBA1AD5254D00292996 /* AFNetworking.h */ = {isa = PBXFileReference; fileEncoding = 4; lastKnownFileType = sourcecode.c.h; path = AFNetworking.h; sourceTree = "<group>"; };
		4BE8CBBB1AD5254D00292996 /* AFNetworkReachabilityManager.h */ = {isa = PBXFileReference; fileEncoding = 4; lastKnownFileType = sourcecode.c.h; path = AFNetworkReachabilityManager.h; sourceTree = "<group>"; };
		4BE8CBBC1AD5254D00292996 /* AFNetworkReachabilityManager.m */ = {isa = PBXFileReference; fileEncoding = 4; lastKnownFileType = sourcecode.c.objc; path = AFNetworkReachabilityManager.m; sourceTree = "<group>"; };
		4BE8CBBD1AD5254D00292996 /* AFSecurityPolicy.h */ = {isa = PBXFileReference; fileEncoding = 4; lastKnownFileType = sourcecode.c.h; path = AFSecurityPolicy.h; sourceTree = "<group>"; };
		4BE8CBBE1AD5254D00292996 /* AFSecurityPolicy.m */ = {isa = PBXFileReference; fileEncoding = 4; lastKnownFileType = sourcecode.c.objc; path = AFSecurityPolicy.m; sourceTree = "<group>"; };
		4BE8CBBF1AD5254D00292996 /* AFURLConnectionOperation.h */ = {isa = PBXFileReference; fileEncoding = 4; lastKnownFileType = sourcecode.c.h; path = AFURLConnectionOperation.h; sourceTree = "<group>"; };
		4BE8CBC01AD5254D00292996 /* AFURLConnectionOperation.m */ = {isa = PBXFileReference; fileEncoding = 4; lastKnownFileType = sourcecode.c.objc; path = AFURLConnectionOperation.m; sourceTree = "<group>"; };
		4BE8CBC11AD5254D00292996 /* AFURLRequestSerialization.h */ = {isa = PBXFileReference; fileEncoding = 4; lastKnownFileType = sourcecode.c.h; path = AFURLRequestSerialization.h; sourceTree = "<group>"; };
		4BE8CBC21AD5254D00292996 /* AFURLRequestSerialization.m */ = {isa = PBXFileReference; fileEncoding = 4; lastKnownFileType = sourcecode.c.objc; path = AFURLRequestSerialization.m; sourceTree = "<group>"; };
		4BE8CBC31AD5254D00292996 /* AFURLResponseSerialization.h */ = {isa = PBXFileReference; fileEncoding = 4; lastKnownFileType = sourcecode.c.h; path = AFURLResponseSerialization.h; sourceTree = "<group>"; };
		4BE8CBC41AD5254D00292996 /* AFURLResponseSerialization.m */ = {isa = PBXFileReference; fileEncoding = 4; lastKnownFileType = sourcecode.c.objc; path = AFURLResponseSerialization.m; sourceTree = "<group>"; };
		4BE8CBC51AD5254D00292996 /* AFURLSessionManager.h */ = {isa = PBXFileReference; fileEncoding = 4; lastKnownFileType = sourcecode.c.h; path = AFURLSessionManager.h; sourceTree = "<group>"; };
		4BE8CBC61AD5254D00292996 /* AFURLSessionManager.m */ = {isa = PBXFileReference; fileEncoding = 4; lastKnownFileType = sourcecode.c.objc; path = AFURLSessionManager.m; sourceTree = "<group>"; };
		4BE8CBD11AD526AB00292996 /* MBProgressHUD+MJ.h */ = {isa = PBXFileReference; fileEncoding = 4; lastKnownFileType = sourcecode.c.h; path = "MBProgressHUD+MJ.h"; sourceTree = "<group>"; };
		4BE8CBD21AD526AB00292996 /* MBProgressHUD+MJ.m */ = {isa = PBXFileReference; fileEncoding = 4; lastKnownFileType = sourcecode.c.objc; path = "MBProgressHUD+MJ.m"; sourceTree = "<group>"; };
		4BE8CBD31AD526AB00292996 /* MBProgressHUD.bundle */ = {isa = PBXFileReference; lastKnownFileType = "wrapper.plug-in"; path = MBProgressHUD.bundle; sourceTree = "<group>"; };
		4BE8CBD41AD526AB00292996 /* MBProgressHUD.h */ = {isa = PBXFileReference; fileEncoding = 4; lastKnownFileType = sourcecode.c.h; path = MBProgressHUD.h; sourceTree = "<group>"; };
		4BE8CBD51AD526AB00292996 /* MBProgressHUD.m */ = {isa = PBXFileReference; fileEncoding = 4; lastKnownFileType = sourcecode.c.objc; path = MBProgressHUD.m; sourceTree = "<group>"; };
		4BE8CC0C1AD52C2D00292996 /* MJRefresh.bundle */ = {isa = PBXFileReference; lastKnownFileType = "wrapper.plug-in"; path = MJRefresh.bundle; sourceTree = "<group>"; };
		4BE8CC0D1AD52C2D00292996 /* MJRefresh.h */ = {isa = PBXFileReference; fileEncoding = 4; lastKnownFileType = sourcecode.c.h; path = MJRefresh.h; sourceTree = "<group>"; };
		4BE8CC0E1AD52C2D00292996 /* MJRefreshBaseView.h */ = {isa = PBXFileReference; fileEncoding = 4; lastKnownFileType = sourcecode.c.h; path = MJRefreshBaseView.h; sourceTree = "<group>"; };
		4BE8CC0F1AD52C2D00292996 /* MJRefreshBaseView.m */ = {isa = PBXFileReference; fileEncoding = 4; lastKnownFileType = sourcecode.c.objc; path = MJRefreshBaseView.m; sourceTree = "<group>"; };
		4BE8CC101AD52C2D00292996 /* MJRefreshConst.h */ = {isa = PBXFileReference; fileEncoding = 4; lastKnownFileType = sourcecode.c.h; path = MJRefreshConst.h; sourceTree = "<group>"; };
		4BE8CC111AD52C2D00292996 /* MJRefreshConst.m */ = {isa = PBXFileReference; fileEncoding = 4; lastKnownFileType = sourcecode.c.objc; path = MJRefreshConst.m; sourceTree = "<group>"; };
		4BE8CC121AD52C2D00292996 /* MJRefreshFooterView.h */ = {isa = PBXFileReference; fileEncoding = 4; lastKnownFileType = sourcecode.c.h; path = MJRefreshFooterView.h; sourceTree = "<group>"; };
		4BE8CC131AD52C2D00292996 /* MJRefreshFooterView.m */ = {isa = PBXFileReference; fileEncoding = 4; lastKnownFileType = sourcecode.c.objc; path = MJRefreshFooterView.m; sourceTree = "<group>"; };
		4BE8CC141AD52C2D00292996 /* MJRefreshHeaderView.h */ = {isa = PBXFileReference; fileEncoding = 4; lastKnownFileType = sourcecode.c.h; path = MJRefreshHeaderView.h; sourceTree = "<group>"; };
		4BE8CC151AD52C2D00292996 /* MJRefreshHeaderView.m */ = {isa = PBXFileReference; fileEncoding = 4; lastKnownFileType = sourcecode.c.objc; path = MJRefreshHeaderView.m; sourceTree = "<group>"; };
		4BE8CC161AD52C2D00292996 /* UIScrollView+MJExtension.h */ = {isa = PBXFileReference; fileEncoding = 4; lastKnownFileType = sourcecode.c.h; path = "UIScrollView+MJExtension.h"; sourceTree = "<group>"; };
		4BE8CC171AD52C2D00292996 /* UIScrollView+MJExtension.m */ = {isa = PBXFileReference; fileEncoding = 4; lastKnownFileType = sourcecode.c.objc; path = "UIScrollView+MJExtension.m"; sourceTree = "<group>"; };
		4BE8CC181AD52C2D00292996 /* UIScrollView+MJRefresh.h */ = {isa = PBXFileReference; fileEncoding = 4; lastKnownFileType = sourcecode.c.h; path = "UIScrollView+MJRefresh.h"; sourceTree = "<group>"; };
		4BE8CC191AD52C2D00292996 /* UIScrollView+MJRefresh.m */ = {isa = PBXFileReference; fileEncoding = 4; lastKnownFileType = sourcecode.c.objc; path = "UIScrollView+MJRefresh.m"; sourceTree = "<group>"; };
		4BE8CC1A1AD52C2D00292996 /* UIView+MJExtension.h */ = {isa = PBXFileReference; fileEncoding = 4; lastKnownFileType = sourcecode.c.h; path = "UIView+MJExtension.h"; sourceTree = "<group>"; };
		4BE8CC1B1AD52C2D00292996 /* UIView+MJExtension.m */ = {isa = PBXFileReference; fileEncoding = 4; lastKnownFileType = sourcecode.c.objc; path = "UIView+MJExtension.m"; sourceTree = "<group>"; };
/* End PBXFileReference section */

/* Begin PBXFrameworksBuildPhase section */
		4BA351E21AD3BE9C00A2FCD5 /* Frameworks */ = {
			isa = PBXFrameworksBuildPhase;
			buildActionMask = 2147483647;
			files = (
			);
			runOnlyForDeploymentPostprocessing = 0;
		};
		4BA351FB1AD3BE9C00A2FCD5 /* Frameworks */ = {
			isa = PBXFrameworksBuildPhase;
			buildActionMask = 2147483647;
			files = (
			);
			runOnlyForDeploymentPostprocessing = 0;
		};
/* End PBXFrameworksBuildPhase section */

/* Begin PBXGroup section */
		4B1A39A31AD4BB330046CA12 /* newFeature(新特性) */ = {
			isa = PBXGroup;
			children = (
				4B1A39A81AD4BC4D0046CA12 /* view */,
				4B1A39A41AD4BB330046CA12 /* controller */,
			);
			path = "newFeature(新特性)";
			sourceTree = "<group>";
		};
		4B1A39A41AD4BB330046CA12 /* controller */ = {
			isa = PBXGroup;
			children = (
				4B1A39A51AD4BB560046CA12 /* RCNewFeatureViewController.h */,
				4B1A39A61AD4BB560046CA12 /* RCNewFeatureViewController.m */,
			);
			path = controller;
			sourceTree = "<group>";
		};
		4B1A39A81AD4BC4D0046CA12 /* view */ = {
			isa = PBXGroup;
			children = (
				4B1A39A91AD4BC870046CA12 /* RCNewFeatureView.h */,
				4B1A39AA1AD4BC870046CA12 /* RCNewFeatureView.m */,
			);
			path = view;
			sourceTree = "<group>";
		};
		4B3752561AD6042B008DFE56 /* SDWebImage */ = {
			isa = PBXGroup;
			children = (
				4B3752571AD6042B008DFE56 /* MKAnnotationView+WebCache.h */,
				4B3752581AD6042B008DFE56 /* MKAnnotationView+WebCache.m */,
				4B3752591AD6042B008DFE56 /* NSData+ImageContentType.h */,
				4B37525A1AD6042B008DFE56 /* NSData+ImageContentType.m */,
				4B37525B1AD6042B008DFE56 /* SDImageCache.h */,
				4B37525C1AD6042B008DFE56 /* SDImageCache.m */,
				4B37525D1AD6042B008DFE56 /* SDWebImageCompat.h */,
				4B37525E1AD6042B008DFE56 /* SDWebImageCompat.m */,
				4B37525F1AD6042B008DFE56 /* SDWebImageDecoder.h */,
				4B3752601AD6042B008DFE56 /* SDWebImageDecoder.m */,
				4B3752611AD6042B008DFE56 /* SDWebImageDownloader.h */,
				4B3752621AD6042B008DFE56 /* SDWebImageDownloader.m */,
				4B3752631AD6042B008DFE56 /* SDWebImageDownloaderOperation.h */,
				4B3752641AD6042B008DFE56 /* SDWebImageDownloaderOperation.m */,
				4B3752651AD6042B008DFE56 /* SDWebImageManager.h */,
				4B3752661AD6042B008DFE56 /* SDWebImageManager.m */,
				4B3752671AD6042B008DFE56 /* SDWebImageOperation.h */,
				4B3752681AD6042B008DFE56 /* SDWebImagePrefetcher.h */,
				4B3752691AD6042B008DFE56 /* SDWebImagePrefetcher.m */,
				4B37526A1AD6042B008DFE56 /* UIButton+WebCache.h */,
				4B37526B1AD6042B008DFE56 /* UIButton+WebCache.m */,
				4B37526C1AD6042B008DFE56 /* UIImage+GIF.h */,
				4B37526D1AD6042B008DFE56 /* UIImage+GIF.m */,
				4B37526E1AD6042B008DFE56 /* UIImage+MultiFormat.h */,
				4B37526F1AD6042B008DFE56 /* UIImage+MultiFormat.m */,
				4B3752701AD6042B008DFE56 /* UIImage+WebP.h */,
				4B3752711AD6042B008DFE56 /* UIImage+WebP.m */,
				4B3752721AD6042B008DFE56 /* UIImageView+HighlightedWebCache.h */,
				4B3752731AD6042B008DFE56 /* UIImageView+HighlightedWebCache.m */,
				4B3752741AD6042B008DFE56 /* UIImageView+WebCache.h */,
				4B3752751AD6042B008DFE56 /* UIImageView+WebCache.m */,
			);
			name = SDWebImage;
			path = "../../../../../../../../../Users/apple/学习资源/LM/ios/10月份-新浪微博项目实战/微薄项目资料/资料/代码/黑马1期-微博/黑马微博/Classes/Main(主要)/Lib/SDWebImage";
			sourceTree = "<group>";
		};
		4B3752941AD65E34008DFE56 /* MJExtension */ = {
			isa = PBXGroup;
			children = (
				4B3752951AD65E34008DFE56 /* MJArgument.h */,
				4B3752961AD65E34008DFE56 /* MJArgument.m */,
				4B3752971AD65E34008DFE56 /* MJConst.h */,
				4B3752981AD65E34008DFE56 /* MJConst.m */,
				4B3752991AD65E34008DFE56 /* MJExtension.h */,
				4B37529A1AD65E34008DFE56 /* MJFoundation.h */,
				4B37529B1AD65E34008DFE56 /* MJFoundation.m */,
				4B37529C1AD65E34008DFE56 /* MJIvar.h */,
				4B37529D1AD65E34008DFE56 /* MJIvar.m */,
				4B37529E1AD65E34008DFE56 /* MJMember.h */,
				4B37529F1AD65E34008DFE56 /* MJMember.m */,
				4B3752A01AD65E34008DFE56 /* MJMethod.h */,
				4B3752A11AD65E34008DFE56 /* MJMethod.m */,
				4B3752A21AD65E34008DFE56 /* MJType.h */,
				4B3752A31AD65E34008DFE56 /* MJType.m */,
				4B3752A41AD65E34008DFE56 /* MJTypeEncoding.h */,
				4B3752A51AD65E34008DFE56 /* MJTypeEncoding.m */,
				4B3752A61AD65E34008DFE56 /* NSObject+MJCoding.h */,
				4B3752A71AD65E34008DFE56 /* NSObject+MJCoding.m */,
				4B3752A81AD65E34008DFE56 /* NSObject+MJKeyValue.h */,
				4B3752A91AD65E34008DFE56 /* NSObject+MJKeyValue.m */,
				4B3752AA1AD65E34008DFE56 /* NSObject+MJMember.h */,
				4B3752AB1AD65E34008DFE56 /* NSObject+MJMember.m */,
			);
			name = MJExtension;
			path = "../../../../../../../../../Users/apple/学习资源/资料/UI控件/瀑布流/06-瀑布流/Classes/Lib/MJExtension";
			sourceTree = "<group>";
		};
		4B5379601AD765950032DF36 /* MJPhotoBrowser */ = {
			isa = PBXGroup;
			children = (
				4B5379611AD765950032DF36 /* MJPhoto.h */,
				4B5379621AD765950032DF36 /* MJPhoto.m */,
				4B5379631AD765950032DF36 /* MJPhotoBrowser.bundle */,
				4B5379641AD765950032DF36 /* MJPhotoBrowser.h */,
				4B5379651AD765950032DF36 /* MJPhotoBrowser.m */,
				4B5379661AD765950032DF36 /* MJPhotoLoadingView.h */,
				4B5379671AD765950032DF36 /* MJPhotoLoadingView.m */,
				4B5379681AD765950032DF36 /* MJPhotoProgressView.h */,
				4B5379691AD765950032DF36 /* MJPhotoProgressView.m */,
				4B53796A1AD765950032DF36 /* MJPhotoToolbar.h */,
				4B53796B1AD765950032DF36 /* MJPhotoToolbar.m */,
				4B53796C1AD765950032DF36 /* MJPhotoView.h */,
				4B53796D1AD765950032DF36 /* MJPhotoView.m */,
				4B53796E1AD765950032DF36 /* SDWebImageManager+MJ.h */,
				4B53796F1AD765950032DF36 /* SDWebImageManager+MJ.m */,
			);
			name = MJPhotoBrowser;
			path = "../../../../../../../../../Users/apple/学习资源/LM/ios/10月份-新浪微博项目实战/微薄项目资料/资料/代码/5期-微博/传智微博/Classes/Main(主要)/Lib/MJPhotoBrowser";
			sourceTree = "<group>";
		};
		4B63BC641AD3D40B001462E9 /* Category */ = {
			isa = PBXGroup;
			children = (
				4B5379781AD76E020032DF36 /* Foundation+Log.m */,
				4B63BC651AD3D4B9001462E9 /* UIView+Extension.h */,
				4B63BC661AD3D4B9001462E9 /* UIView+Extension.m */,
				4B06F0BA1AD3F22B0032E46E /* UIBarButtonItem+Extension.h */,
				4B06F0BB1AD3F22B0032E46E /* UIBarButtonItem+Extension.m */,
				4B21F24F1AD666CF007CEAEF /* NSDate+RC.h */,
				4B21F2501AD666CF007CEAEF /* NSDate+RC.m */,
			);
			path = Category;
			sourceTree = "<group>";
		};
		4B7B5C471AD40804005775A7 /* lib */ = {
			isa = PBXGroup;
			children = (
				4B5379601AD765950032DF36 /* MJPhotoBrowser */,
				4B3752941AD65E34008DFE56 /* MJExtension */,
				4B3752561AD6042B008DFE56 /* SDWebImage */,
				4BE8CC0B1AD52C2D00292996 /* MJRefresh */,
				4BE8CBD01AD526AB00292996 /* MBProgressHUD */,
				4BE8CBB31AD5254D00292996 /* AFNetworking */,
				4B7B5C5A1AD40AA2005775A7 /* DXPopover */,
			);
			path = lib;
			sourceTree = "<group>";
		};
		4B7B5C5A1AD40AA2005775A7 /* DXPopover */ = {
			isa = PBXGroup;
			children = (
				4B7B5C5B1AD40AA2005775A7 /* DXPopover.h */,
				4B7B5C5C1AD40AA2005775A7 /* DXPopover.m */,
			);
			name = DXPopover;
			path = ../DXPopover;
			sourceTree = "<group>";
		};
		4BA351DC1AD3BE9C00A2FCD5 = {
			isa = PBXGroup;
			children = (
				4BA351E71AD3BE9C00A2FCD5 /* 高仿微博 */,
				4BA352011AD3BE9C00A2FCD5 /* 高仿微博Tests */,
				4BA351E61AD3BE9C00A2FCD5 /* Products */,
			);
			sourceTree = "<group>";
		};
		4BA351E61AD3BE9C00A2FCD5 /* Products */ = {
			isa = PBXGroup;
			children = (
				4BA351E51AD3BE9C00A2FCD5 /* 高仿微博.app */,
				4BA351FE1AD3BE9C00A2FCD5 /* 高仿微博Tests.xctest */,
			);
			name = Products;
			sourceTree = "<group>";
		};
		4BA351E71AD3BE9C00A2FCD5 /* 高仿微博 */ = {
			isa = PBXGroup;
			children = (
				4BA352171AD3C05F00A2FCD5 /* classes */,
				4BA351EC1AD3BE9C00A2FCD5 /* AppDelegate.h */,
				4BA351ED1AD3BE9C00A2FCD5 /* AppDelegate.m */,
				4BA351EF1AD3BE9C00A2FCD5 /* ViewController.h */,
				4BA351F51AD3BE9C00A2FCD5 /* Images.xcassets */,
				4BA351F71AD3BE9C00A2FCD5 /* LaunchScreen.xib */,
				4BA351E81AD3BE9C00A2FCD5 /* Supporting Files */,
			);
			path = "高仿微博";
			sourceTree = "<group>";
		};
		4BA351E81AD3BE9C00A2FCD5 /* Supporting Files */ = {
			isa = PBXGroup;
			children = (
				4B4C6E661AD68B03002C2FA8 /* home.plist */,
				4BA351E91AD3BE9C00A2FCD5 /* Info.plist */,
				4BA351EA1AD3BE9C00A2FCD5 /* main.m */,
			);
			name = "Supporting Files";
			sourceTree = "<group>";
		};
		4BA352011AD3BE9C00A2FCD5 /* 高仿微博Tests */ = {
			isa = PBXGroup;
			children = (
				4BA352041AD3BE9C00A2FCD5 /* ____Tests.m */,
				4BA352021AD3BE9C00A2FCD5 /* Supporting Files */,
			);
			path = "高仿微博Tests";
			sourceTree = "<group>";
		};
		4BA352021AD3BE9C00A2FCD5 /* Supporting Files */ = {
			isa = PBXGroup;
			children = (
				4BA352031AD3BE9C00A2FCD5 /* Info.plist */,
			);
			name = "Supporting Files";
			sourceTree = "<group>";
		};
		4BA352171AD3C05F00A2FCD5 /* classes */ = {
			isa = PBXGroup;
			children = (
				4BA352201AD3C05F00A2FCD5 /* main */,
				4BC6E9A01AD7E627009133BB /* sendStatus(发微博) */,
				4BC6E9901AD7E5C0009133BB /* compose */,
				4BE8CB1B1AD4E42500292996 /* Oauth(授权) */,
				4B1A39A31AD4BB330046CA12 /* newFeature(新特性) */,
				4BA352181AD3C05F00A2FCD5 /* discover(发现) */,
				4BA3521C1AD3C05F00A2FCD5 /* home(首页) */,
				4BA352231AD3C05F00A2FCD5 /* me(我) */,
				4BA352271AD3C05F00A2FCD5 /* message(消息) */,
				4BA3522B1AD3C05F00A2FCD5 /* other */,
			);
			path = classes;
			sourceTree = "<group>";
		};
		4BA352181AD3C05F00A2FCD5 /* discover(发现) */ = {
			isa = PBXGroup;
			children = (
				4BA352191AD3C05F00A2FCD5 /* controller */,
				4BA3521A1AD3C05F00A2FCD5 /* model */,
				4BA3521B1AD3C05F00A2FCD5 /* view */,
			);
			path = "discover(发现)";
			sourceTree = "<group>";
		};
		4BA352191AD3C05F00A2FCD5 /* controller */ = {
			isa = PBXGroup;
			children = (
				4BA352331AD3C0C300A2FCD5 /* RCDiscoverViewController.h */,
				4BA352341AD3C0C300A2FCD5 /* RCDiscoverViewController.m */,
			);
			path = controller;
			sourceTree = "<group>";
		};
		4BA3521A1AD3C05F00A2FCD5 /* model */ = {
			isa = PBXGroup;
			children = (
			);
			path = model;
			sourceTree = "<group>";
		};
		4BA3521B1AD3C05F00A2FCD5 /* view */ = {
			isa = PBXGroup;
			children = (
				4B50170C1AD4176E0043B17E /* RCSearchBar.h */,
				4B50170D1AD4176E0043B17E /* RCSearchBar.m */,
			);
			path = view;
			sourceTree = "<group>";
		};
		4BA3521C1AD3C05F00A2FCD5 /* home(首页) */ = {
			isa = PBXGroup;
			children = (
				4BE8CBAC1AD50D4E00292996 /* tool */,
				4BA3521D1AD3C05F00A2FCD5 /* controller */,
				4BA3521E1AD3C05F00A2FCD5 /* model */,
				4BA3521F1AD3C05F00A2FCD5 /* view */,
			);
			path = "home(首页)";
			sourceTree = "<group>";
		};
		4BA3521D1AD3C05F00A2FCD5 /* controller */ = {
			isa = PBXGroup;
			children = (
				4BA352361AD3C0D600A2FCD5 /* RCHomeViewController.h */,
				4BA352371AD3C0D600A2FCD5 /* RCHomeViewController.m */,
			);
			path = controller;
			sourceTree = "<group>";
		};
		4BA3521E1AD3C05F00A2FCD5 /* model */ = {
			isa = PBXGroup;
			children = (
				4BC6E9631AD7735F009133BB /* status */,
				4BC6E96E1AD7735F009133BB /* user */,
			);
			path = model;
			sourceTree = "<group>";
		};
		4BA3521F1AD3C05F00A2FCD5 /* view */ = {
			isa = PBXGroup;
			children = (
				4B06F0BD1AD3F44B0032E46E /* RCTitleButton.h */,
				4B06F0BE1AD3F44B0032E46E /* RCTitleButton.m */,
				4B25B4BC1AD5382D00943575 /* RCStatusCell.h */,
				4B25B4BD1AD5382D00943575 /* RCStatusCell.m */,
				4B25B4C51AD572F500943575 /* RCStatusContentView.h */,
				4B25B4C61AD572F500943575 /* RCStatusContentView.m */,
				4B25B4C21AD5396D00943575 /* RCOriginalStastusView.h */,
				4B25B4C31AD5396D00943575 /* RCOriginalStastusView.m */,
				4B21F2581AD670D0007CEAEF /* RCRetweetedStatusView.h */,
				4B21F2591AD670D0007CEAEF /* RCRetweetedStatusView.m */,
				4B21F2551AD6709F007CEAEF /* RCToolBar.h */,
				4B21F2561AD6709F007CEAEF /* RCToolBar.m */,
				4B3752851AD63DA9008DFE56 /* RCPhotosView.h */,
				4B3752861AD63DA9008DFE56 /* RCPhotosView.m */,
				4B37528E1AD64236008DFE56 /* RCPhotoView.h */,
				4B37528F1AD64236008DFE56 /* RCPhotoView.m */,
				4B21F2521AD66B0E007CEAEF /* RCIconView.h */,
				4B21F2531AD66B0E007CEAEF /* RCIconView.m */,
			);
			path = view;
			sourceTree = "<group>";
		};
		4BA352201AD3C05F00A2FCD5 /* main */ = {
			isa = PBXGroup;
			children = (
				4BE8CB1D1AD4E43300292996 /* Tool */,
				4BA3522C1AD3C07800A2FCD5 /* controller */,
				4BA352211AD3C05F00A2FCD5 /* model */,
				4BA352221AD3C05F00A2FCD5 /* view */,
			);
			path = main;
			sourceTree = "<group>";
		};
		4BA352211AD3C05F00A2FCD5 /* model */ = {
			isa = PBXGroup;
			children = (
				4BE8CB941AD4F3DD00292996 /* RCParam.h */,
				4BE8CB951AD4F3DD00292996 /* RCParam.m */,
			);
			path = model;
			sourceTree = "<group>";
		};
		4BA352221AD3C05F00A2FCD5 /* view */ = {
			isa = PBXGroup;
			children = (
				4B63BC601AD3D114001462E9 /* RCTabBar.h */,
				4B63BC611AD3D114001462E9 /* RCTabBar.m */,
			);
			path = view;
			sourceTree = "<group>";
		};
		4BA352231AD3C05F00A2FCD5 /* me(我) */ = {
			isa = PBXGroup;
			children = (
				4BA352241AD3C05F00A2FCD5 /* controller */,
				4BA352251AD3C05F00A2FCD5 /* model */,
				4BA352261AD3C05F00A2FCD5 /* view */,
			);
			path = "me(我)";
			sourceTree = "<group>";
		};
		4BA352241AD3C05F00A2FCD5 /* controller */ = {
			isa = PBXGroup;
			children = (
				4BA352391AD3C0E500A2FCD5 /* RCMeViewController.h */,
				4BA3523A1AD3C0E500A2FCD5 /* RCMeViewController.m */,
			);
			path = controller;
			sourceTree = "<group>";
		};
		4BA352251AD3C05F00A2FCD5 /* model */ = {
			isa = PBXGroup;
			children = (
			);
			path = model;
			sourceTree = "<group>";
		};
		4BA352261AD3C05F00A2FCD5 /* view */ = {
			isa = PBXGroup;
			children = (
			);
			path = view;
			sourceTree = "<group>";
		};
		4BA352271AD3C05F00A2FCD5 /* message(消息) */ = {
			isa = PBXGroup;
			children = (
				4BA352281AD3C05F00A2FCD5 /* controller */,
				4BA352291AD3C05F00A2FCD5 /* model */,
				4BA3522A1AD3C05F00A2FCD5 /* view */,
			);
			path = "message(消息)";
			sourceTree = "<group>";
		};
		4BA352281AD3C05F00A2FCD5 /* controller */ = {
			isa = PBXGroup;
			children = (
				4BA3523C1AD3C0FB00A2FCD5 /* RCMesageViewController.h */,
				4BA3523D1AD3C0FB00A2FCD5 /* RCMesageViewController.m */,
			);
			path = controller;
			sourceTree = "<group>";
		};
		4BA352291AD3C05F00A2FCD5 /* model */ = {
			isa = PBXGroup;
			children = (
			);
			path = model;
			sourceTree = "<group>";
		};
		4BA3522A1AD3C05F00A2FCD5 /* view */ = {
			isa = PBXGroup;
			children = (
				4BFC26421AD3FFC80099B2B0 /* lib */,
			);
			path = view;
			sourceTree = "<group>";
		};
		4BA3522B1AD3C05F00A2FCD5 /* other */ = {
			isa = PBXGroup;
			children = (
				4B7B5C471AD40804005775A7 /* lib */,
				4B63BC691AD3D52E001462E9 /* PrefixHeader.pch */,
				4B63BC641AD3D40B001462E9 /* Category */,
			);
			path = other;
			sourceTree = "<group>";
		};
		4BA3522C1AD3C07800A2FCD5 /* controller */ = {
			isa = PBXGroup;
			children = (
				4BA3522D1AD3C08300A2FCD5 /* RCTabBarController.h */,
				4BA3522E1AD3C08300A2FCD5 /* RCTabBarController.m */,
				4BA352301AD3C0A500A2FCD5 /* RCNavigationController.h */,
				4BA352311AD3C0A500A2FCD5 /* RCNavigationController.m */,
			);
			path = controller;
			sourceTree = "<group>";
		};
		4BC6E9631AD7735F009133BB /* status */ = {
			isa = PBXGroup;
			children = (
				4BC6E9641AD7735F009133BB /* RCPhoto.h */,
				4BC6E9651AD7735F009133BB /* RCPhoto.m */,
				4BC6E9661AD7735F009133BB /* RCStatus.h */,
				4BC6E9671AD7735F009133BB /* RCStatus.m */,
				4BC6E9681AD7735F009133BB /* RCStatusFrame.h */,
				4BC6E9691AD7735F009133BB /* RCStatusFrame.m */,
				4BC6E96A1AD7735F009133BB /* RCStatusParam.h */,
				4BC6E96B1AD7735F009133BB /* RCStatusParam.m */,
				4BC6E96C1AD7735F009133BB /* RCStatusResult.h */,
				4BC6E96D1AD7735F009133BB /* RCStatusResult.m */,
			);
			path = status;
			sourceTree = "<group>";
		};
		4BC6E96E1AD7735F009133BB /* user */ = {
			isa = PBXGroup;
			children = (
				4BC6E96F1AD7735F009133BB /* RCUser.h */,
				4BC6E9701AD7735F009133BB /* RCUser.m */,
				4BC6E9771AD77400009133BB /* RCUserParam.h */,
				4BC6E9781AD77400009133BB /* RCUserParam.m */,
				4BC6E97A1AD77476009133BB /* RCUserInfoResult.h */,
				4BC6E97B1AD77476009133BB /* RCUserInfoResult.m */,
			);
			path = user;
			sourceTree = "<group>";
		};
		4BC6E9901AD7E5C0009133BB /* compose */ = {
			isa = PBXGroup;
			children = (
				4BC6E9911AD7E5C0009133BB /* controller */,
				4BC6E9941AD7E5C0009133BB /* model */,
				4BC6E9951AD7E5C0009133BB /* view */,
			);
			path = compose;
			sourceTree = "<group>";
		};
		4BC6E9911AD7E5C0009133BB /* controller */ = {
			isa = PBXGroup;
			children = (
				4BC6E9921AD7E5C0009133BB /* RCComposeViewController.h */,
				4BC6E9931AD7E5C0009133BB /* RCComposeViewController.m */,
			);
			path = controller;
			sourceTree = "<group>";
		};
		4BC6E9941AD7E5C0009133BB /* model */ = {
			isa = PBXGroup;
			children = (
			);
			path = model;
			sourceTree = "<group>";
		};
		4BC6E9951AD7E5C0009133BB /* view */ = {
			isa = PBXGroup;
			children = (
				4BC6E9961AD7E5C0009133BB /* RCComposeButton.h */,
				4BC6E9971AD7E5C0009133BB /* RCComposeButton.m */,
				4BC6E9981AD7E5C0009133BB /* RCComposeFirstCenterView.h */,
				4BC6E9991AD7E5C0009133BB /* RCComposeFirstCenterView.m */,
				4BC6E99A1AD7E5C0009133BB /* RCComposeTwoCenterView.h */,
				4BC6E99B1AD7E5C0009133BB /* RCComposeTwoCenterView.m */,
			);
			path = view;
			sourceTree = "<group>";
		};
		4BC6E9A01AD7E627009133BB /* sendStatus(发微博) */ = {
			isa = PBXGroup;
			children = (
				4BC6E9A71AD7E649009133BB /* tool */,
				4BC6E9A11AD7E627009133BB /* controller */,
				4BC6E9A21AD7E627009133BB /* model */,
				4BC6E9A31AD7E627009133BB /* view */,
			);
			path = "sendStatus(发微博)";
			sourceTree = "<group>";
		};
		4BC6E9A11AD7E627009133BB /* controller */ = {
			isa = PBXGroup;
			children = (
				4BC6E9A41AD7E63D009133BB /* RCSendStatusViewController.h */,
				4BC6E9A51AD7E63D009133BB /* RCSendStatusViewController.m */,
			);
			path = controller;
			sourceTree = "<group>";
		};
		4BC6E9A21AD7E627009133BB /* model */ = {
			isa = PBXGroup;
			children = (
				4BC6E9AE1AD7E6D8009133BB /* RCSendStatusResult.h */,
				4BC6E9AF1AD7E6D8009133BB /* RCSendStatusResult.m */,
				4BC6E9A81AD7E66E009133BB /* RCSendStatusParam.h */,
				4BC6E9A91AD7E66E009133BB /* RCSendStatusParam.m */,
			);
			path = model;
			sourceTree = "<group>";
		};
		4BC6E9A31AD7E627009133BB /* view */ = {
			isa = PBXGroup;
			children = (
				4BC6E9B41AD7F4DB009133BB /* RCTextView.h */,
				4BC6E9B51AD7F4DB009133BB /* RCTextView.m */,
			);
			path = view;
			sourceTree = "<group>";
		};
		4BC6E9A71AD7E649009133BB /* tool */ = {
			isa = PBXGroup;
			children = (
				4BC6E9AB1AD7E68B009133BB /* RCSendStatusTool.h */,
				4BC6E9AC1AD7E68B009133BB /* RCSendStatusTool.m */,
			);
			path = tool;
			sourceTree = "<group>";
		};
		4BE8CB1B1AD4E42500292996 /* Oauth(授权) */ = {
			isa = PBXGroup;
			children = (
				4BE8CB601AD4EED100292996 /* model */,
				4BE8CB611AD4EED100292996 /* tool */,
				4BE8CB1C1AD4E42500292996 /* Controller */,
			);
			path = "Oauth(授权)";
			sourceTree = "<group>";
		};
		4BE8CB1C1AD4E42500292996 /* Controller */ = {
			isa = PBXGroup;
			children = (
				4BE8CB1E1AD4E45000292996 /* RCOauthViewController.h */,
				4BE8CB1F1AD4E45000292996 /* RCOauthViewController.m */,
			);
			path = Controller;
			sourceTree = "<group>";
		};
		4BE8CB1D1AD4E43300292996 /* Tool */ = {
			isa = PBXGroup;
			children = (
				4BE8CB5B1AD4EC4400292996 /* RCNetWorkingTool.h */,
				4BE8CB5C1AD4EC4400292996 /* RCNetWorkingTool.m */,
			);
			path = Tool;
			sourceTree = "<group>";
		};
		4BE8CB601AD4EED100292996 /* model */ = {
			isa = PBXGroup;
			children = (
				4BE8CB6B1AD4F06800292996 /* RCOauthParam.h */,
				4BE8CB6C1AD4F06800292996 /* RCOauthParam.m */,
				4BE8CB6E1AD4F07700292996 /* RCOauthResult.h */,
				4BE8CB6F1AD4F07700292996 /* RCOauthResult.m */,
				4BE8CB9A1AD4FAFC00292996 /* RCAccount.h */,
				4BE8CB9B1AD4FAFC00292996 /* RCAccount.m */,
			);
			path = model;
			sourceTree = "<group>";
		};
		4BE8CB611AD4EED100292996 /* tool */ = {
			isa = PBXGroup;
			children = (
				4BE8CB681AD4F04000292996 /* RCOauthTool.h */,
				4BE8CB691AD4F04000292996 /* RCOauthTool.m */,
				4BE8CB971AD4FAB800292996 /* RCAccountTool.h */,
				4BE8CB981AD4FAB800292996 /* RCAccountTool.m */,
			);
			path = tool;
			sourceTree = "<group>";
		};
		4BE8CBAC1AD50D4E00292996 /* tool */ = {
			isa = PBXGroup;
			children = (
				4BE8CBAD1AD50D4E00292996 /* RCStatusTool.h */,
				4BE8CBAE1AD50D4E00292996 /* RCStatusTool.m */,
			);
			name = tool;
			path = "../discover(发现)/tool";
			sourceTree = "<group>";
		};
		4BE8CBB31AD5254D00292996 /* AFNetworking */ = {
			isa = PBXGroup;
			children = (
				4BE8CBB41AD5254D00292996 /* AFHTTPRequestOperation.h */,
				4BE8CBB51AD5254D00292996 /* AFHTTPRequestOperation.m */,
				4BE8CBB61AD5254D00292996 /* AFHTTPRequestOperationManager.h */,
				4BE8CBB71AD5254D00292996 /* AFHTTPRequestOperationManager.m */,
				4BE8CBB81AD5254D00292996 /* AFHTTPSessionManager.h */,
				4BE8CBB91AD5254D00292996 /* AFHTTPSessionManager.m */,
				4BE8CBBA1AD5254D00292996 /* AFNetworking.h */,
				4BE8CBBB1AD5254D00292996 /* AFNetworkReachabilityManager.h */,
				4BE8CBBC1AD5254D00292996 /* AFNetworkReachabilityManager.m */,
				4BE8CBBD1AD5254D00292996 /* AFSecurityPolicy.h */,
				4BE8CBBE1AD5254D00292996 /* AFSecurityPolicy.m */,
				4BE8CBBF1AD5254D00292996 /* AFURLConnectionOperation.h */,
				4BE8CBC01AD5254D00292996 /* AFURLConnectionOperation.m */,
				4BE8CBC11AD5254D00292996 /* AFURLRequestSerialization.h */,
				4BE8CBC21AD5254D00292996 /* AFURLRequestSerialization.m */,
				4BE8CBC31AD5254D00292996 /* AFURLResponseSerialization.h */,
				4BE8CBC41AD5254D00292996 /* AFURLResponseSerialization.m */,
				4BE8CBC51AD5254D00292996 /* AFURLSessionManager.h */,
				4BE8CBC61AD5254D00292996 /* AFURLSessionManager.m */,
			);
			name = AFNetworking;
			path = "../../../../../../../../../Users/apple/学习资源/LM/ios/9月份-多线程与网络/0925- AFN ASI 网页/代码/01-AFN03-监控网络状态（掌握）/01-AFN03-监控网络状态/AFNetworking";
			sourceTree = "<group>";
		};
		4BE8CBD01AD526AB00292996 /* MBProgressHUD */ = {
			isa = PBXGroup;
			children = (
				4BE8CBD11AD526AB00292996 /* MBProgressHUD+MJ.h */,
				4BE8CBD21AD526AB00292996 /* MBProgressHUD+MJ.m */,
				4BE8CBD31AD526AB00292996 /* MBProgressHUD.bundle */,
				4BE8CBD41AD526AB00292996 /* MBProgressHUD.h */,
				4BE8CBD51AD526AB00292996 /* MBProgressHUD.m */,
			);
			name = MBProgressHUD;
			path = "../../../../../../../../../Users/apple/学习资源/LM/ios/9月份-多线程与网络/网络部分资料/工具/03-类库/MBProgressHUD";
			sourceTree = "<group>";
		};
		4BE8CC0B1AD52C2D00292996 /* MJRefresh */ = {
			isa = PBXGroup;
			children = (
				4BE8CC0C1AD52C2D00292996 /* MJRefresh.bundle */,
				4BE8CC0D1AD52C2D00292996 /* MJRefresh.h */,
				4BE8CC0E1AD52C2D00292996 /* MJRefreshBaseView.h */,
				4BE8CC0F1AD52C2D00292996 /* MJRefreshBaseView.m */,
				4BE8CC101AD52C2D00292996 /* MJRefreshConst.h */,
				4BE8CC111AD52C2D00292996 /* MJRefreshConst.m */,
				4BE8CC121AD52C2D00292996 /* MJRefreshFooterView.h */,
				4BE8CC131AD52C2D00292996 /* MJRefreshFooterView.m */,
				4BE8CC141AD52C2D00292996 /* MJRefreshHeaderView.h */,
				4BE8CC151AD52C2D00292996 /* MJRefreshHeaderView.m */,
				4BE8CC161AD52C2D00292996 /* UIScrollView+MJExtension.h */,
				4BE8CC171AD52C2D00292996 /* UIScrollView+MJExtension.m */,
				4BE8CC181AD52C2D00292996 /* UIScrollView+MJRefresh.h */,
				4BE8CC191AD52C2D00292996 /* UIScrollView+MJRefresh.m */,
				4BE8CC1A1AD52C2D00292996 /* UIView+MJExtension.h */,
				4BE8CC1B1AD52C2D00292996 /* UIView+MJExtension.m */,
			);
			name = MJRefresh;
			path = "../../../../../微博/微博/Classes/Other(其他)/lib/MJRefresh";
			sourceTree = "<group>";
		};
		4BFC26421AD3FFC80099B2B0 /* lib */ = {
			isa = PBXGroup;
			children = (
			);
			path = lib;
			sourceTree = "<group>";
		};
/* End PBXGroup section */

/* Begin PBXNativeTarget section */
		4BA351E41AD3BE9C00A2FCD5 /* 高仿微博 */ = {
			isa = PBXNativeTarget;
			buildConfigurationList = 4BA352081AD3BE9C00A2FCD5 /* Build configuration list for PBXNativeTarget "高仿微博" */;
			buildPhases = (
				4BA351E11AD3BE9C00A2FCD5 /* Sources */,
				4BA351E21AD3BE9C00A2FCD5 /* Frameworks */,
				4BA351E31AD3BE9C00A2FCD5 /* Resources */,
			);
			buildRules = (
			);
			dependencies = (
			);
			name = "高仿微博";
			productName = "高仿微博";
			productReference = 4BA351E51AD3BE9C00A2FCD5 /* 高仿微博.app */;
			productType = "com.apple.product-type.application";
		};
		4BA351FD1AD3BE9C00A2FCD5 /* 高仿微博Tests */ = {
			isa = PBXNativeTarget;
			buildConfigurationList = 4BA3520B1AD3BE9C00A2FCD5 /* Build configuration list for PBXNativeTarget "高仿微博Tests" */;
			buildPhases = (
				4BA351FA1AD3BE9C00A2FCD5 /* Sources */,
				4BA351FB1AD3BE9C00A2FCD5 /* Frameworks */,
				4BA351FC1AD3BE9C00A2FCD5 /* Resources */,
			);
			buildRules = (
			);
			dependencies = (
				4BA352001AD3BE9C00A2FCD5 /* PBXTargetDependency */,
			);
			name = "高仿微博Tests";
			productName = "高仿微博Tests";
			productReference = 4BA351FE1AD3BE9C00A2FCD5 /* 高仿微博Tests.xctest */;
			productType = "com.apple.product-type.bundle.unit-test";
		};
/* End PBXNativeTarget section */

/* Begin PBXProject section */
		4BA351DD1AD3BE9C00A2FCD5 /* Project object */ = {
			isa = PBXProject;
			attributes = {
				CLASSPREFIX = RC;
				LastUpgradeCheck = 0620;
				ORGANIZATIONNAME = raychen;
				TargetAttributes = {
					4BA351E41AD3BE9C00A2FCD5 = {
						CreatedOnToolsVersion = 6.2;
					};
					4BA351FD1AD3BE9C00A2FCD5 = {
						CreatedOnToolsVersion = 6.2;
						TestTargetID = 4BA351E41AD3BE9C00A2FCD5;
					};
				};
			};
			buildConfigurationList = 4BA351E01AD3BE9C00A2FCD5 /* Build configuration list for PBXProject "高仿微博" */;
			compatibilityVersion = "Xcode 3.2";
			developmentRegion = English;
			hasScannedForEncodings = 0;
			knownRegions = (
				en,
				Base,
			);
			mainGroup = 4BA351DC1AD3BE9C00A2FCD5;
			productRefGroup = 4BA351E61AD3BE9C00A2FCD5 /* Products */;
			projectDirPath = "";
			projectRoot = "";
			targets = (
				4BA351E41AD3BE9C00A2FCD5 /* 高仿微博 */,
				4BA351FD1AD3BE9C00A2FCD5 /* 高仿微博Tests */,
			);
		};
/* End PBXProject section */

/* Begin PBXResourcesBuildPhase section */
		4BA351E31AD3BE9C00A2FCD5 /* Resources */ = {
			isa = PBXResourcesBuildPhase;
			buildActionMask = 2147483647;
			files = (
				4B5379711AD765950032DF36 /* MJPhotoBrowser.bundle in Resources */,
				4BA351F91AD3BE9C00A2FCD5 /* LaunchScreen.xib in Resources */,
				4BA351F61AD3BE9C00A2FCD5 /* Images.xcassets in Resources */,
				4BE8CC1C1AD52C2D00292996 /* MJRefresh.bundle in Resources */,
				4B4C6E671AD68B03002C2FA8 /* home.plist in Resources */,
				4BE8CBD71AD526AB00292996 /* MBProgressHUD.bundle in Resources */,
			);
			runOnlyForDeploymentPostprocessing = 0;
		};
		4BA351FC1AD3BE9C00A2FCD5 /* Resources */ = {
			isa = PBXResourcesBuildPhase;
			buildActionMask = 2147483647;
			files = (
			);
			runOnlyForDeploymentPostprocessing = 0;
		};
/* End PBXResourcesBuildPhase section */

/* Begin PBXSourcesBuildPhase section */
		4BA351E11AD3BE9C00A2FCD5 /* Sources */ = {
			isa = PBXSourcesBuildPhase;
			buildActionMask = 2147483647;
			files = (
				4BE8CB991AD4FAB800292996 /* RCAccountTool.m in Sources */,
				4BC6E9761AD7735F009133BB /* RCUser.m in Sources */,
				4BE8CBCB1AD5254D00292996 /* AFSecurityPolicy.m in Sources */,
				4B1A39A71AD4BB560046CA12 /* RCNewFeatureViewController.m in Sources */,
				4B3752AF1AD65E34008DFE56 /* MJIvar.m in Sources */,
				4BE8CB5D1AD4EC4400292996 /* RCNetWorkingTool.m in Sources */,
				4B63BC671AD3D4B9001462E9 /* UIView+Extension.m in Sources */,
				4B3752801AD6042B008DFE56 /* UIImage+GIF.m in Sources */,
				4BE8CC1D1AD52C2D00292996 /* MJRefreshBaseView.m in Sources */,
				4B5379741AD765950032DF36 /* MJPhotoProgressView.m in Sources */,
				4BE8CBD61AD526AB00292996 /* MBProgressHUD+MJ.m in Sources */,
				4BE8CBD81AD526AB00292996 /* MBProgressHUD.m in Sources */,
				4BC6E9711AD7735F009133BB /* RCPhoto.m in Sources */,
				4B3752841AD6042B008DFE56 /* UIImageView+WebCache.m in Sources */,
				4B3752AC1AD65E34008DFE56 /* MJArgument.m in Sources */,
				4B7B5C5D1AD40AA2005775A7 /* DXPopover.m in Sources */,
				4B37527B1AD6042B008DFE56 /* SDWebImageDownloader.m in Sources */,
				4BC6E9AD1AD7E68B009133BB /* RCSendStatusTool.m in Sources */,
				4BE8CB961AD4F3DD00292996 /* RCParam.m in Sources */,
				4BE8CC1F1AD52C2D00292996 /* MJRefreshFooterView.m in Sources */,
				4BE8CB201AD4E45000292996 /* RCOauthViewController.m in Sources */,
				4BE8CC231AD52C2D00292996 /* UIView+MJExtension.m in Sources */,
				4B3752B41AD65E34008DFE56 /* NSObject+MJCoding.m in Sources */,
				4B1A39AB1AD4BC870046CA12 /* RCNewFeatureView.m in Sources */,
				4B5379771AD765950032DF36 /* SDWebImageManager+MJ.m in Sources */,
				4B25B4C71AD572F500943575 /* RCStatusContentView.m in Sources */,
				4B3752811AD6042B008DFE56 /* UIImage+MultiFormat.m in Sources */,
				4BC6E97C1AD77476009133BB /* RCUserInfoResult.m in Sources */,
				4B5379721AD765950032DF36 /* MJPhotoBrowser.m in Sources */,
				4BA352321AD3C0A500A2FCD5 /* RCNavigationController.m in Sources */,
				4BE8CB6D1AD4F06800292996 /* RCOauthParam.m in Sources */,
				4BA3523E1AD3C0FB00A2FCD5 /* RCMesageViewController.m in Sources */,
				4B3752771AD6042B008DFE56 /* NSData+ImageContentType.m in Sources */,
				4BA3522F1AD3C08300A2FCD5 /* RCTabBarController.m in Sources */,
				4BE8CB6A1AD4F04000292996 /* RCOauthTool.m in Sources */,
				4B3752B61AD65E34008DFE56 /* NSObject+MJMember.m in Sources */,
				4BE8CC221AD52C2D00292996 /* UIScrollView+MJRefresh.m in Sources */,
				4BA352381AD3C0D600A2FCD5 /* RCHomeViewController.m in Sources */,
				4BC6E9A61AD7E63D009133BB /* RCSendStatusViewController.m in Sources */,
				4BA352351AD3C0C300A2FCD5 /* RCDiscoverViewController.m in Sources */,
				4B5379701AD765950032DF36 /* MJPhoto.m in Sources */,
				4BE8CBAF1AD50D4E00292996 /* RCStatusTool.m in Sources */,
				4BE8CC1E1AD52C2D00292996 /* MJRefreshConst.m in Sources */,
				4B3752B01AD65E34008DFE56 /* MJMember.m in Sources */,
				4B21F2571AD6709F007CEAEF /* RCToolBar.m in Sources */,
				4B06F0BC1AD3F22B0032E46E /* UIBarButtonItem+Extension.m in Sources */,
				4BC6E9721AD7735F009133BB /* RCStatus.m in Sources */,
				4B3752B51AD65E34008DFE56 /* NSObject+MJKeyValue.m in Sources */,
				4B50170E1AD4176E0043B17E /* RCSearchBar.m in Sources */,
				4BC6E99F1AD7E5C0009133BB /* RCComposeTwoCenterView.m in Sources */,
				4B21F2511AD666CF007CEAEF /* NSDate+RC.m in Sources */,
				4BE8CBCD1AD5254D00292996 /* AFURLRequestSerialization.m in Sources */,
				4BC6E9751AD7735F009133BB /* RCStatusResult.m in Sources */,
				4BC6E99D1AD7E5C0009133BB /* RCComposeButton.m in Sources */,
				4BC6E9741AD7735F009133BB /* RCStatusParam.m in Sources */,
				4B3752AE1AD65E34008DFE56 /* MJFoundation.m in Sources */,
				4B3752B31AD65E34008DFE56 /* MJTypeEncoding.m in Sources */,
				4BA3523B1AD3C0E500A2FCD5 /* RCMeViewController.m in Sources */,
				4BA351EE1AD3BE9C00A2FCD5 /* AppDelegate.m in Sources */,
				4BE8CBC81AD5254D00292996 /* AFHTTPRequestOperationManager.m in Sources */,
				4B06F0BF1AD3F44B0032E46E /* RCTitleButton.m in Sources */,
				4B5379731AD765950032DF36 /* MJPhotoLoadingView.m in Sources */,
				4B37527E1AD6042B008DFE56 /* SDWebImagePrefetcher.m in Sources */,
				4B25B4BE1AD5382D00943575 /* RCStatusCell.m in Sources */,
				4B3752821AD6042B008DFE56 /* UIImage+WebP.m in Sources */,
				4BE8CBCC1AD5254D00292996 /* AFURLConnectionOperation.m in Sources */,
				4BC6E9B61AD7F4DB009133BB /* RCTextView.m in Sources */,
				4B3752781AD6042B008DFE56 /* SDImageCache.m in Sources */,
				4B3752B21AD65E34008DFE56 /* MJType.m in Sources */,
				4B25B4C41AD5396D00943575 /* RCOriginalStastusView.m in Sources */,
				4BE8CBCF1AD5254D00292996 /* AFURLSessionManager.m in Sources */,
				4BE8CC211AD52C2D00292996 /* UIScrollView+MJExtension.m in Sources */,
				4B5379791AD76E020032DF36 /* Foundation+Log.m in Sources */,
				4B5379751AD765950032DF36 /* MJPhotoToolbar.m in Sources */,
				4B3752831AD6042B008DFE56 /* UIImageView+HighlightedWebCache.m in Sources */,
				4BE8CBC71AD5254D00292996 /* AFHTTPRequestOperation.m in Sources */,
				4BE8CB9C1AD4FAFC00292996 /* RCAccount.m in Sources */,
				4B5379761AD765950032DF36 /* MJPhotoView.m in Sources */,
				4B3752901AD64236008DFE56 /* RCPhotoView.m in Sources */,
				4B3752791AD6042B008DFE56 /* SDWebImageCompat.m in Sources */,
				4BC6E99C1AD7E5C0009133BB /* RCComposeViewController.m in Sources */,
				4B3752AD1AD65E34008DFE56 /* MJConst.m in Sources */,
				4BC6E9791AD77400009133BB /* RCUserParam.m in Sources */,
				4B37527D1AD6042B008DFE56 /* SDWebImageManager.m in Sources */,
				4B21F2541AD66B0E007CEAEF /* RCIconView.m in Sources */,
				4B3752761AD6042B008DFE56 /* MKAnnotationView+WebCache.m in Sources */,
				4B21F25A1AD670D0007CEAEF /* RCRetweetedStatusView.m in Sources */,
				4BE8CC201AD52C2D00292996 /* MJRefreshHeaderView.m in Sources */,
				4B37527F1AD6042B008DFE56 /* UIButton+WebCache.m in Sources */,
				4B63BC621AD3D114001462E9 /* RCTabBar.m in Sources */,
				4BA351EB1AD3BE9C00A2FCD5 /* main.m in Sources */,
				4BC6E9731AD7735F009133BB /* RCStatusFrame.m in Sources */,
				4BC6E9AA1AD7E66E009133BB /* RCSendStatusParam.m in Sources */,
				4B37527A1AD6042B008DFE56 /* SDWebImageDecoder.m in Sources */,
				4BC6E9B01AD7E6D8009133BB /* RCSendStatusResult.m in Sources */,
				4BC6E99E1AD7E5C0009133BB /* RCComposeFirstCenterView.m in Sources */,
				4B3752B11AD65E34008DFE56 /* MJMethod.m in Sources */,
				4B37527C1AD6042B008DFE56 /* SDWebImageDownloaderOperation.m in Sources */,
				4BE8CBC91AD5254D00292996 /* AFHTTPSessionManager.m in Sources */,
				4BE8CB701AD4F07700292996 /* RCOauthResult.m in Sources */,
				4B3752871AD63DA9008DFE56 /* RCPhotosView.m in Sources */,
				4BE8CBCA1AD5254D00292996 /* AFNetworkReachabilityManager.m in Sources */,
				4BE8CBCE1AD5254D00292996 /* AFURLResponseSerialization.m in Sources */,
			);
			runOnlyForDeploymentPostprocessing = 0;
		};
		4BA351FA1AD3BE9C00A2FCD5 /* Sources */ = {
			isa = PBXSourcesBuildPhase;
			buildActionMask = 2147483647;
			files = (
				4BA352051AD3BE9C00A2FCD5 /* ____Tests.m in Sources */,
			);
			runOnlyForDeploymentPostprocessing = 0;
		};
/* End PBXSourcesBuildPhase section */

/* Begin PBXTargetDependency section */
		4BA352001AD3BE9C00A2FCD5 /* PBXTargetDependency */ = {
			isa = PBXTargetDependency;
			target = 4BA351E41AD3BE9C00A2FCD5 /* 高仿微博 */;
			targetProxy = 4BA351FF1AD3BE9C00A2FCD5 /* PBXContainerItemProxy */;
		};
/* End PBXTargetDependency section */

/* Begin PBXVariantGroup section */
		4BA351F71AD3BE9C00A2FCD5 /* LaunchScreen.xib */ = {
			isa = PBXVariantGroup;
			children = (
				4BA351F81AD3BE9C00A2FCD5 /* Base */,
			);
			name = LaunchScreen.xib;
			sourceTree = "<group>";
		};
/* End PBXVariantGroup section */

/* Begin XCBuildConfiguration section */
		4BA352061AD3BE9C00A2FCD5 /* Debug */ = {
			isa = XCBuildConfiguration;
			buildSettings = {
				ALWAYS_SEARCH_USER_PATHS = NO;
				CLANG_CXX_LANGUAGE_STANDARD = "gnu++0x";
				CLANG_CXX_LIBRARY = "libc++";
				CLANG_ENABLE_MODULES = YES;
				CLANG_ENABLE_OBJC_ARC = YES;
				CLANG_WARN_BOOL_CONVERSION = YES;
				CLANG_WARN_CONSTANT_CONVERSION = YES;
				CLANG_WARN_DIRECT_OBJC_ISA_USAGE = YES_ERROR;
				CLANG_WARN_EMPTY_BODY = YES;
				CLANG_WARN_ENUM_CONVERSION = YES;
				CLANG_WARN_INT_CONVERSION = YES;
				CLANG_WARN_OBJC_ROOT_CLASS = YES_ERROR;
				CLANG_WARN_UNREACHABLE_CODE = YES;
				CLANG_WARN__DUPLICATE_METHOD_MATCH = YES;
				"CODE_SIGN_IDENTITY[sdk=iphoneos*]" = "iPhone Developer";
				COPY_PHASE_STRIP = NO;
				ENABLE_STRICT_OBJC_MSGSEND = YES;
				GCC_C_LANGUAGE_STANDARD = gnu99;
				GCC_DYNAMIC_NO_PIC = NO;
				GCC_OPTIMIZATION_LEVEL = 0;
				GCC_PRECOMPILE_PREFIX_HEADER = YES;
				GCC_PREPROCESSOR_DEFINITIONS = (
					"DEBUG=1",
					"$(inherited)",
				);
				GCC_SYMBOLS_PRIVATE_EXTERN = NO;
				GCC_WARN_64_TO_32_BIT_CONVERSION = YES;
				GCC_WARN_ABOUT_RETURN_TYPE = YES_ERROR;
				GCC_WARN_UNDECLARED_SELECTOR = YES;
				GCC_WARN_UNINITIALIZED_AUTOS = YES_AGGRESSIVE;
				GCC_WARN_UNUSED_FUNCTION = YES;
				GCC_WARN_UNUSED_VARIABLE = YES;
				IPHONEOS_DEPLOYMENT_TARGET = 8.2;
				MTL_ENABLE_DEBUG_INFO = YES;
				ONLY_ACTIVE_ARCH = YES;
				SDKROOT = iphoneos;
			};
			name = Debug;
		};
		4BA352071AD3BE9C00A2FCD5 /* Release */ = {
			isa = XCBuildConfiguration;
			buildSettings = {
				ALWAYS_SEARCH_USER_PATHS = NO;
				CLANG_CXX_LANGUAGE_STANDARD = "gnu++0x";
				CLANG_CXX_LIBRARY = "libc++";
				CLANG_ENABLE_MODULES = YES;
				CLANG_ENABLE_OBJC_ARC = YES;
				CLANG_WARN_BOOL_CONVERSION = YES;
				CLANG_WARN_CONSTANT_CONVERSION = YES;
				CLANG_WARN_DIRECT_OBJC_ISA_USAGE = YES_ERROR;
				CLANG_WARN_EMPTY_BODY = YES;
				CLANG_WARN_ENUM_CONVERSION = YES;
				CLANG_WARN_INT_CONVERSION = YES;
				CLANG_WARN_OBJC_ROOT_CLASS = YES_ERROR;
				CLANG_WARN_UNREACHABLE_CODE = YES;
				CLANG_WARN__DUPLICATE_METHOD_MATCH = YES;
				"CODE_SIGN_IDENTITY[sdk=iphoneos*]" = "iPhone Developer";
				COPY_PHASE_STRIP = NO;
				ENABLE_NS_ASSERTIONS = NO;
				ENABLE_STRICT_OBJC_MSGSEND = YES;
				GCC_C_LANGUAGE_STANDARD = gnu99;
				GCC_PRECOMPILE_PREFIX_HEADER = YES;
				GCC_WARN_64_TO_32_BIT_CONVERSION = YES;
				GCC_WARN_ABOUT_RETURN_TYPE = YES_ERROR;
				GCC_WARN_UNDECLARED_SELECTOR = YES;
				GCC_WARN_UNINITIALIZED_AUTOS = YES_AGGRESSIVE;
				GCC_WARN_UNUSED_FUNCTION = YES;
				GCC_WARN_UNUSED_VARIABLE = YES;
				IPHONEOS_DEPLOYMENT_TARGET = 8.2;
				MTL_ENABLE_DEBUG_INFO = NO;
				SDKROOT = iphoneos;
				VALIDATE_PRODUCT = YES;
			};
			name = Release;
		};
		4BA352091AD3BE9C00A2FCD5 /* Debug */ = {
			isa = XCBuildConfiguration;
			buildSettings = {
				ASSETCATALOG_COMPILER_APPICON_NAME = AppIcon;
				INFOPLIST_FILE = "高仿微博/Info.plist";
				LD_RUNPATH_SEARCH_PATHS = "$(inherited) @executable_path/Frameworks";
				PRODUCT_NAME = "$(TARGET_NAME)";
			};
			name = Debug;
		};
		4BA3520A1AD3BE9C00A2FCD5 /* Release */ = {
			isa = XCBuildConfiguration;
			buildSettings = {
				ASSETCATALOG_COMPILER_APPICON_NAME = AppIcon;
				INFOPLIST_FILE = "高仿微博/Info.plist";
				LD_RUNPATH_SEARCH_PATHS = "$(inherited) @executable_path/Frameworks";
				PRODUCT_NAME = "$(TARGET_NAME)";
			};
			name = Release;
		};
		4BA3520C1AD3BE9C00A2FCD5 /* Debug */ = {
			isa = XCBuildConfiguration;
			buildSettings = {
				BUNDLE_LOADER = "$(TEST_HOST)";
				FRAMEWORK_SEARCH_PATHS = (
					"$(SDKROOT)/Developer/Library/Frameworks",
					"$(inherited)",
				);
				GCC_PREPROCESSOR_DEFINITIONS = (
					"DEBUG=1",
					"$(inherited)",
				);
				INFOPLIST_FILE = "高仿微博Tests/Info.plist";
				LD_RUNPATH_SEARCH_PATHS = "$(inherited) @executable_path/Frameworks @loader_path/Frameworks";
				PRODUCT_NAME = "$(TARGET_NAME)";
				TEST_HOST = "$(BUILT_PRODUCTS_DIR)/高仿微博.app/高仿微博";
			};
			name = Debug;
		};
		4BA3520D1AD3BE9C00A2FCD5 /* Release */ = {
			isa = XCBuildConfiguration;
			buildSettings = {
				BUNDLE_LOADER = "$(TEST_HOST)";
				FRAMEWORK_SEARCH_PATHS = (
					"$(SDKROOT)/Developer/Library/Frameworks",
					"$(inherited)",
				);
				INFOPLIST_FILE = "高仿微博Tests/Info.plist";
				LD_RUNPATH_SEARCH_PATHS = "$(inherited) @executable_path/Frameworks @loader_path/Frameworks";
				PRODUCT_NAME = "$(TARGET_NAME)";
				TEST_HOST = "$(BUILT_PRODUCTS_DIR)/高仿微博.app/高仿微博";
			};
			name = Release;
		};
/* End XCBuildConfiguration section */

/* Begin XCConfigurationList section */
		4BA351E01AD3BE9C00A2FCD5 /* Build configuration list for PBXProject "高仿微博" */ = {
			isa = XCConfigurationList;
			buildConfigurations = (
				4BA352061AD3BE9C00A2FCD5 /* Debug */,
				4BA352071AD3BE9C00A2FCD5 /* Release */,
			);
			defaultConfigurationIsVisible = 0;
			defaultConfigurationName = Release;
		};
		4BA352081AD3BE9C00A2FCD5 /* Build configuration list for PBXNativeTarget "高仿微博" */ = {
			isa = XCConfigurationList;
			buildConfigurations = (
				4BA352091AD3BE9C00A2FCD5 /* Debug */,
				4BA3520A1AD3BE9C00A2FCD5 /* Release */,
			);
			defaultConfigurationIsVisible = 0;
			defaultConfigurationName = Release;
		};
		4BA3520B1AD3BE9C00A2FCD5 /* Build configuration list for PBXNativeTarget "高仿微博Tests" */ = {
			isa = XCConfigurationList;
			buildConfigurations = (
				4BA3520C1AD3BE9C00A2FCD5 /* Debug */,
				4BA3520D1AD3BE9C00A2FCD5 /* Release */,
			);
			defaultConfigurationIsVisible = 0;
			defaultConfigurationName = Release;
		};
/* End XCConfigurationList section */
	};
	rootObject = 4BA351DD1AD3BE9C00A2FCD5 /* Project object */;
}
